<?xml version="1.0" encoding="utf-8"?>
<Project ToolsVersion="14.0" xmlns="http://schemas.microsoft.com/developer/msbuild/2003">
  <ItemGroup>
    <Filter Include="Common">
      <UniqueIdentifier>9447424a-0e05-4911-beb8-e0354405f39a</UniqueIdentifier>
    </Filter>
    <Filter Include="Assets">
      <UniqueIdentifier>c853ff75-910d-48f0-ac19-d5fd57622aba</UniqueIdentifier>
      <Extensions>bmp;fbx;gif;jpg;jpeg;tga;tiff;tif;png</Extensions>
    </Filter>
    <Filter Include="Controls">
      <UniqueIdentifier>{21d65f04-31c9-4c70-8511-1c65b894ac8b}</UniqueIdentifier>
    </Filter>
    <Filter Include="Converters">
      <UniqueIdentifier>{5a666ef7-54fb-46cc-9588-5cbcfaed3465}</UniqueIdentifier>
    </Filter>
    <Filter Include="Resources">
      <UniqueIdentifier>{f9b88d9e-918b-49ac-869b-a1a380ec3201}</UniqueIdentifier>
    </Filter>
    <Filter Include="Resources\en-US">
      <UniqueIdentifier>{6c2951d4-aa9a-44ce-88c5-28fe11b4e7f7}</UniqueIdentifier>
    </Filter>
    <Filter Include="Views">
      <UniqueIdentifier>{7794e615-088b-412c-88bf-f045788ca81f}</UniqueIdentifier>
    </Filter>
    <Filter Include="Resources\am-et">
      <UniqueIdentifier>{72128df8-67df-4d34-934d-14896720e153}</UniqueIdentifier>
    </Filter>
    <Filter Include="Resources\af-za">
      <UniqueIdentifier>{9dd1aaa8-31a9-43b3-b224-77293910f109}</UniqueIdentifier>
    </Filter>
    <Filter Include="Resources\ar-sa">
      <UniqueIdentifier>{4fc9f4fc-51a7-4348-881b-efe9b32cd0bc}</UniqueIdentifier>
    </Filter>
    <Filter Include="Resources\az-Latn-az">
      <UniqueIdentifier>{c883c196-cbc3-437f-8dbd-92f3009479c1}</UniqueIdentifier>
    </Filter>
    <Filter Include="Resources\be-by">
      <UniqueIdentifier>{399ad3d6-a676-45a5-ad0e-8bf796ecfea8}</UniqueIdentifier>
    </Filter>
    <Filter Include="Resources\bg-bg">
      <UniqueIdentifier>{ad7f2c92-59aa-4720-96af-fccfa1530b25}</UniqueIdentifier>
    </Filter>
    <Filter Include="Resources\bn-bd">
      <UniqueIdentifier>{b5e4250c-03cf-4cef-ae64-67205e3cdca7}</UniqueIdentifier>
    </Filter>
    <Filter Include="Resources\ca-es">
      <UniqueIdentifier>{7ca47758-c39c-40f9-8cbb-7fc2fb627c9e}</UniqueIdentifier>
    </Filter>
    <Filter Include="Resources\cs-cz">
      <UniqueIdentifier>{65e8bdb6-ca86-43b8-a335-ee406bffe79b}</UniqueIdentifier>
    </Filter>
    <Filter Include="Resources\da-dk">
      <UniqueIdentifier>{f47b0870-721f-4646-8b9f-2e55613bcbcc}</UniqueIdentifier>
    </Filter>
    <Filter Include="Resources\de-de">
      <UniqueIdentifier>{9ba8ec65-5ba8-4499-add4-b085710f5ef4}</UniqueIdentifier>
    </Filter>
    <Filter Include="Resources\el-gr">
      <UniqueIdentifier>{55225802-0eb4-4d30-91ba-025ac695c7b2}</UniqueIdentifier>
    </Filter>
    <Filter Include="Resources\en-gb">
      <UniqueIdentifier>{582f1542-e30b-461d-bf1e-33af9cbd2241}</UniqueIdentifier>
    </Filter>
    <Filter Include="Resources\es-es">
      <UniqueIdentifier>{1fa74901-4f66-4eb1-8d17-fa46debcf314}</UniqueIdentifier>
    </Filter>
    <Filter Include="Resources\es-mx">
      <UniqueIdentifier>{2a4bc64b-d709-46a1-9913-006dbf545ff3}</UniqueIdentifier>
    </Filter>
    <Filter Include="Resources\et-ee">
      <UniqueIdentifier>{05ba3255-5c3f-4a1f-a8a2-8984cd7826f0}</UniqueIdentifier>
    </Filter>
    <Filter Include="Resources\eu-es">
      <UniqueIdentifier>{dc6243aa-fe4d-46e3-9c31-f8461e7bb007}</UniqueIdentifier>
    </Filter>
    <Filter Include="Resources\fa-ir">
      <UniqueIdentifier>{5dc497d8-4b4d-4851-a721-e37585fcb4ed}</UniqueIdentifier>
    </Filter>
    <Filter Include="Resources\fi-fi">
      <UniqueIdentifier>{8945e63d-27c4-4407-81bb-993f78b583d8}</UniqueIdentifier>
    </Filter>
    <Filter Include="Resources\fil-ph">
      <UniqueIdentifier>{a3c3e799-4fff-4795-9ef7-ee2237c4c190}</UniqueIdentifier>
    </Filter>
    <Filter Include="Resources\fr-ca">
      <UniqueIdentifier>{41958465-ab1b-4450-a688-c2a49a476ad3}</UniqueIdentifier>
    </Filter>
    <Filter Include="Resources\fr-fr">
      <UniqueIdentifier>{3cb02368-06c6-46b2-a2b3-be916140f2df}</UniqueIdentifier>
    </Filter>
    <Filter Include="Resources\gl-es">
      <UniqueIdentifier>{f9dede5d-08b1-4c18-8967-2bf6e0eab10a}</UniqueIdentifier>
    </Filter>
    <Filter Include="Resources\ha-latn-ng">
      <UniqueIdentifier>{a1cd3ced-b21b-47a1-9dad-5f9a3bcb0653}</UniqueIdentifier>
    </Filter>
    <Filter Include="Resources\he-il">
      <UniqueIdentifier>{99bbda66-7ed8-48e4-bc8b-9285d9c22fb0}</UniqueIdentifier>
    </Filter>
    <Filter Include="Resources\hi-in">
      <UniqueIdentifier>{7d443f1c-4e49-4379-bd5c-dd156a73bbb7}</UniqueIdentifier>
    </Filter>
    <Filter Include="Resources\hr-hr">
      <UniqueIdentifier>{7353aa9e-8f6d-4b11-885b-cb41e8deeb55}</UniqueIdentifier>
    </Filter>
    <Filter Include="Resources\hu-hu">
      <UniqueIdentifier>{7737b4aa-a25f-464d-8f41-4c7420363963}</UniqueIdentifier>
    </Filter>
    <Filter Include="Resources\id-id">
      <UniqueIdentifier>{a4f2f71c-0707-44df-a8d7-8bf085fc4ace}</UniqueIdentifier>
    </Filter>
    <Filter Include="Resources\is-is">
      <UniqueIdentifier>{16a3847d-fcd8-48ec-af99-0eba690b3389}</UniqueIdentifier>
    </Filter>
    <Filter Include="Resources\it-it">
      <UniqueIdentifier>{decf69bc-1143-4e7e-bf8c-a78201f541c0}</UniqueIdentifier>
    </Filter>
    <Filter Include="Resources\ja-jp">
      <UniqueIdentifier>{c511e187-9ffa-40ec-8d8b-7d89048ed33e}</UniqueIdentifier>
    </Filter>
    <Filter Include="Resources\kk-kz">
      <UniqueIdentifier>{9d8d84e4-347a-40d6-bea7-82919c544cdc}</UniqueIdentifier>
    </Filter>
    <Filter Include="Resources\km-kh">
      <UniqueIdentifier>{50aa51a9-ac6a-4f46-9920-4fcbb34cab31}</UniqueIdentifier>
    </Filter>
    <Filter Include="Resources\kn-in">
      <UniqueIdentifier>{35d8beb6-382f-4e05-a3f0-e21555076168}</UniqueIdentifier>
    </Filter>
    <Filter Include="Resources\ko-kr">
      <UniqueIdentifier>{cfd9f17a-dcf5-4ab7-9a4d-f66b0a89a21b}</UniqueIdentifier>
    </Filter>
    <Filter Include="Resources\lo-la">
      <UniqueIdentifier>{1c96ea43-c29b-4d91-905f-9a80fe3a8ce3}</UniqueIdentifier>
    </Filter>
    <Filter Include="Resources\lt-lt">
      <UniqueIdentifier>{be692687-c3d8-4ebf-9200-2325a2a7f5c1}</UniqueIdentifier>
    </Filter>
    <Filter Include="Resources\lv-lv">
      <UniqueIdentifier>{6edbff29-bb0a-4a31-9d21-ac4904cf15db}</UniqueIdentifier>
    </Filter>
    <Filter Include="Resources\mk-mk">
      <UniqueIdentifier>{38c626d1-54b4-4162-9650-755fb95da2e7}</UniqueIdentifier>
    </Filter>
    <Filter Include="Resources\ml-in">
      <UniqueIdentifier>{7caf3ffa-9430-49d4-86da-ef6fd3b952ec}</UniqueIdentifier>
    </Filter>
    <Filter Include="Resources\ms-my">
      <UniqueIdentifier>{ea5e3c91-ae7b-4984-8f67-a287dc4e985d}</UniqueIdentifier>
    </Filter>
    <Filter Include="Resources\nb-no">
      <UniqueIdentifier>{b8904687-7060-450e-8ac6-22b409acb0ff}</UniqueIdentifier>
    </Filter>
    <Filter Include="Resources\nl-nl">
      <UniqueIdentifier>{bde6a2ee-9103-45ad-a03c-840405419d96}</UniqueIdentifier>
    </Filter>
    <Filter Include="Resources\pl-pl">
      <UniqueIdentifier>{2ecb3b06-467c-4872-9df9-910752d5a0e5}</UniqueIdentifier>
    </Filter>
    <Filter Include="Resources\pt-br">
      <UniqueIdentifier>{75c19928-73ca-4451-ac27-7c87df9f5add}</UniqueIdentifier>
    </Filter>
    <Filter Include="Resources\pt-pt">
      <UniqueIdentifier>{6623c7a9-1632-4776-bd26-e924d8bdc032}</UniqueIdentifier>
    </Filter>
    <Filter Include="Resources\ro-ro">
      <UniqueIdentifier>{392e6638-a46c-463f-a76c-d80ea6dafb76}</UniqueIdentifier>
    </Filter>
    <Filter Include="Resources\ru-ru">
      <UniqueIdentifier>{f5b473d1-ff89-4278-bc40-f842a5f25b31}</UniqueIdentifier>
    </Filter>
    <Filter Include="Resources\sk-sk">
      <UniqueIdentifier>{90ffae6c-249f-40bb-b817-857136971b44}</UniqueIdentifier>
    </Filter>
    <Filter Include="Resources\sl-sI">
      <UniqueIdentifier>{cada420a-1c49-4446-972e-b3e099773c53}</UniqueIdentifier>
    </Filter>
    <Filter Include="Resources\sq-al">
      <UniqueIdentifier>{f829702a-28db-47eb-95ca-c424ec052101}</UniqueIdentifier>
    </Filter>
    <Filter Include="Resources\sr-latn-rs">
      <UniqueIdentifier>{1b77ab20-2528-42c9-931b-4de4d6b872fb}</UniqueIdentifier>
    </Filter>
    <Filter Include="Resources\sv-se">
      <UniqueIdentifier>{c3930ca9-93d7-401c-898f-523590a400c9}</UniqueIdentifier>
    </Filter>
    <Filter Include="Resources\sw-ke">
      <UniqueIdentifier>{aa0bf861-fe20-4cad-b78b-cf037bcb1f2c}</UniqueIdentifier>
    </Filter>
    <Filter Include="Resources\ta-in">
      <UniqueIdentifier>{d429fed0-d5d8-49a3-a7c8-2f7c45cf789f}</UniqueIdentifier>
    </Filter>
    <Filter Include="Resources\te-in">
      <UniqueIdentifier>{d81d9186-d538-4a6e-95aa-1c84bbd0c2a4}</UniqueIdentifier>
    </Filter>
    <Filter Include="Resources\th-th">
      <UniqueIdentifier>{8647b869-c857-4e75-97ab-726cf7e041c5}</UniqueIdentifier>
    </Filter>
    <Filter Include="Resources\tr-tr">
      <UniqueIdentifier>{d443fa37-c49e-47d2-9697-928617752438}</UniqueIdentifier>
    </Filter>
    <Filter Include="Resources\uk-ua">
      <UniqueIdentifier>{c83b2fa0-f69b-40e7-90e2-1a9c02ed2681}</UniqueIdentifier>
    </Filter>
    <Filter Include="Resources\uz-latn-uz">
      <UniqueIdentifier>{2075e31f-992a-4ec5-8671-2c4e244f1285}</UniqueIdentifier>
    </Filter>
    <Filter Include="Resources\vi-vn">
      <UniqueIdentifier>{d9d114cf-2268-4954-93f8-97a9dad6bdd4}</UniqueIdentifier>
    </Filter>
    <Filter Include="Resources\zh-cn">
      <UniqueIdentifier>{3cb2e2cf-48be-4c9c-96b8-0c843c73e0fa}</UniqueIdentifier>
    </Filter>
    <Filter Include="Resources\zh-tw">
      <UniqueIdentifier>{fb46a60d-1f3a-4818-aefd-cba41e514245}</UniqueIdentifier>
    </Filter>
    <Filter Include="Views\StateTriggers">
      <UniqueIdentifier>{0120c344-0bc0-4a1d-b82c-df7945f46189}</UniqueIdentifier>
    </Filter>
  </ItemGroup>
  <ItemGroup>
    <ApplicationDefinition Include="App.xaml" />
  </ItemGroup>
  <ItemGroup>
    <ClCompile Include="App.xaml.cpp" />
    <ClCompile Include="pch.cpp" />
    <ClCompile Include="Common\BindableBase.cpp">
      <Filter>Common</Filter>
    </ClCompile>
    <ClCompile Include="Controls\CalculationResult.cpp">
      <Filter>Controls</Filter>
    </ClCompile>
    <ClCompile Include="Controls\CalculatorButton.cpp">
      <Filter>Controls</Filter>
    </ClCompile>
    <ClCompile Include="Controls\OverflowTextBlock.cpp">
      <Filter>Controls</Filter>
    </ClCompile>
    <ClCompile Include="Converters\BooleanNegationConverter.cpp">
      <Filter>Converters</Filter>
    </ClCompile>
    <ClCompile Include="Converters\BooleanToVisibilityConverter.cpp">
      <Filter>Converters</Filter>
    </ClCompile>
    <ClCompile Include="Converters\ExpressionItemTemplateSelector.cpp">
      <Filter>Converters</Filter>
    </ClCompile>
    <ClCompile Include="Converters\ItemSizeToVisibilityConverter.cpp">
      <Filter>Converters</Filter>
    </ClCompile>
    <ClCompile Include="Converters\RadixToStringConverter.cpp">
      <Filter>Converters</Filter>
    </ClCompile>
    <ClCompile Include="Converters\VisibilityNegationConverter.cpp">
      <Filter>Converters</Filter>
    </ClCompile>
    <ClCompile Include="AboutFlyout.xaml.cpp" />
    <ClCompile Include="Views\Calculator.xaml.cpp" />
    <ClCompile Include="Views\CalculatorProgrammerOperators.xaml.cpp" />
    <ClCompile Include="Views\CalculatorProgrammerRadixOperators.xaml.cpp" />
    <ClCompile Include="Views\CalculatorScientificAngleButtons.xaml.cpp" />
    <ClCompile Include="Views\CalculatorScientificOperators.xaml.cpp" />
    <ClCompile Include="Views\CalculatorStandardOperators.xaml.cpp" />
    <ClCompile Include="Views\HistoryList.xaml.cpp" />
    <ClCompile Include="Views\MainPage.xaml.cpp" />
    <ClCompile Include="Views\Memory.xaml.cpp" />
    <ClCompile Include="Views\NumberPad.xaml.cpp" />
    <ClCompile Include="Views\SupplementaryResults.xaml.cpp" />
    <ClCompile Include="Views\UnitConverter.xaml.cpp" />
    <ClCompile Include="Controls\FlipButtons.cpp">
      <Filter>Controls</Filter>
    </ClCompile>
    <ClCompile Include="Views\CalculatorProgrammerDisplayPanel.xaml.cpp" />
    <ClCompile Include="Views\CalculatorProgrammerBitFlipPanel.xaml.cpp" />
    <ClCompile Include="Controls\RadixButton.cpp">
      <Filter>Controls</Filter>
    </ClCompile>
    <ClCompile Include="WindowFrameService.cpp" />
    <ClCompile Include="Views\DateCalculator.xaml.cpp" />
    <ClCompile Include="Controls\CalculationResultAutomationPeer.cpp">
      <Filter>Controls</Filter>
    </ClCompile>
    <ClCompile Include="Controls\OverflowTextBlockAutomationPeer.cpp">
      <Filter>Controls</Filter>
    </ClCompile>
    <ClCompile Include="Views\StateTriggers\AspectRatioTrigger.cpp">
      <Filter>Views\StateTriggers</Filter>
    </ClCompile>
    <ClCompile Include="Views\MemoryListItem.xaml.cpp" />
    <ClCompile Include="Views\OperatorsPanel.xaml.cpp" />
    <ClCompile Include="Controls\SupplementaryItemsControl.cpp">
      <Filter>Controls</Filter>
    </ClCompile>
    <ClCompile Include="Common\AppLifecycleLogger.cpp">
      <Filter>Common</Filter>
    </ClCompile>
    <ClCompile Include="Controls\HorizontalNoOverflowStackPanel.cpp">
      <Filter>Controls</Filter>
    </ClCompile>
    <ClCompile Include="Views\TitleBar.xaml.cpp" />
  </ItemGroup>
  <ItemGroup>
    <ClInclude Include="pch.h" />
    <ClInclude Include="App.xaml.h" />
    <ClInclude Include="Common\AlwaysSelectedCollectionView.h">
      <Filter>Common</Filter>
    </ClInclude>
    <ClInclude Include="Common\BindableBase.h">
      <Filter>Common</Filter>
    </ClInclude>
    <ClInclude Include="Controls\CalculationResult.h">
      <Filter>Controls</Filter>
    </ClInclude>
    <ClInclude Include="Controls\CalculatorButton.h">
      <Filter>Controls</Filter>
    </ClInclude>
    <ClInclude Include="Controls\OverflowTextBlock.h">
      <Filter>Controls</Filter>
    </ClInclude>
    <ClInclude Include="Converters\BooleanNegationConverter.h">
      <Filter>Converters</Filter>
    </ClInclude>
    <ClInclude Include="Converters\BooleanToVisibilityConverter.h">
      <Filter>Converters</Filter>
    </ClInclude>
    <ClInclude Include="Converters\ExpressionItemTemplateSelector.h">
      <Filter>Converters</Filter>
    </ClInclude>
    <ClInclude Include="Converters\ItemSizeToVisibilityConverter.h">
      <Filter>Converters</Filter>
    </ClInclude>
    <ClInclude Include="Converters\RadixToStringConverter.h">
      <Filter>Converters</Filter>
    </ClInclude>
    <ClInclude Include="Converters\VisibilityNegationConverter.h">
      <Filter>Converters</Filter>
    </ClInclude>
    <ClInclude Include="AboutFlyout.xaml.h" />
    <ClInclude Include="Views\Calculator.xaml.h" />
    <ClInclude Include="Views\CalculatorProgrammerOperators.xaml.h" />
    <ClInclude Include="Views\CalculatorProgrammerRadixOperators.xaml.h" />
    <ClInclude Include="Views\CalculatorScientificAngleButtons.xaml.h" />
    <ClInclude Include="Views\CalculatorScientificOperators.xaml.h" />
    <ClInclude Include="Views\CalculatorStandardOperators.xaml.h" />
    <ClInclude Include="Views\HistoryList.xaml.h" />
    <ClInclude Include="Views\MainPage.xaml.h" />
    <ClInclude Include="Views\Memory.xaml.h" />
    <ClInclude Include="Views\NumberPad.xaml.h" />
    <ClInclude Include="Views\SupplementaryResults.xaml.h" />
    <ClInclude Include="Views\UnitConverter.xaml.h" />
    <ClInclude Include="Controls\FlipButtons.h">
      <Filter>Controls</Filter>
    </ClInclude>
    <ClInclude Include="Views\CalculatorProgrammerDisplayPanel.xaml.h" />
    <ClInclude Include="Views\CalculatorProgrammerBitFlipPanel.xaml.h" />
    <ClInclude Include="Controls\RadixButton.h">
      <Filter>Controls</Filter>
    </ClInclude>
    <ClInclude Include="WindowFrameService.h" />
    <ClInclude Include="Views\DateCalculator.xaml.h" />
    <ClInclude Include="Controls\CalculationResultAutomationPeer.h">
      <Filter>Controls</Filter>
    </ClInclude>
    <ClInclude Include="Controls\OverflowTextBlockAutomationPeer.h">
      <Filter>Controls</Filter>
    </ClInclude>
    <ClInclude Include="Views\StateTriggers\AspectRatioTrigger.h">
      <Filter>Views\StateTriggers</Filter>
    </ClInclude>
    <ClInclude Include="Views\MemoryListItem.xaml.h" />
    <ClInclude Include="Views\OperatorsPanel.xaml.h" />
    <ClInclude Include="Controls\SupplementaryItemsControl.h">
      <Filter>Controls</Filter>
    </ClInclude>
    <ClInclude Include="Common\AppLifecycleLogger.h">
      <Filter>Common</Filter>
    </ClInclude>
    <ClInclude Include="Controls\HorizontalNoOverflowStackPanel.h">
      <Filter>Controls</Filter>
    </ClInclude>
    <ClInclude Include="Views\TitleBar.xaml.h" />
  </ItemGroup>
  <ItemGroup>
    <AppxManifest Include="Package.appxmanifest" />
  </ItemGroup>
  <ItemGroup>
    <None Include="packages.config" />
    <None Include="TemporaryKey.pfx" />
  </ItemGroup>
  <ItemGroup>
    <Page Include="Views\Calculator.xaml">
      <Filter>Views</Filter>
    </Page>
    <Page Include="Views\CalculatorProgrammerOperators.xaml">
      <Filter>Views</Filter>
    </Page>
    <Page Include="Views\CalculatorProgrammerRadixOperators.xaml">
      <Filter>Views</Filter>
    </Page>
    <Page Include="Views\CalculatorScientificAngleButtons.xaml">
      <Filter>Views</Filter>
    </Page>
    <Page Include="Views\CalculatorScientificOperators.xaml">
      <Filter>Views</Filter>
    </Page>
    <Page Include="Views\CalculatorStandardOperators.xaml">
      <Filter>Views</Filter>
    </Page>
    <Page Include="Views\DelighterUnitStyles.xaml">
      <Filter>Views</Filter>
    </Page>
    <Page Include="Views\HistoryList.xaml">
      <Filter>Views</Filter>
    </Page>
    <Page Include="Views\MainPage.xaml">
      <Filter>Views</Filter>
    </Page>
    <Page Include="Views\Memory.xaml">
      <Filter>Views</Filter>
    </Page>
    <Page Include="Views\NumberPad.xaml">
      <Filter>Views</Filter>
    </Page>
    <Page Include="Views\SupplementaryResults.xaml">
      <Filter>Views</Filter>
    </Page>
    <Page Include="Views\UnitConverter.xaml">
      <Filter>Views</Filter>
    </Page>
    <Page Include="AboutFlyout.xaml" />
    <Page Include="Views\CalculatorProgrammerDisplayPanel.xaml">
      <Filter>Views</Filter>
    </Page>
    <Page Include="Views\CalculatorProgrammerBitFlipPanel.xaml">
      <Filter>Views</Filter>
    </Page>
    <Page Include="Views\DateCalculator.xaml">
      <Filter>Views</Filter>
    </Page>
    <Page Include="Views\MemoryListItem.xaml">
      <Filter>Views</Filter>
    </Page>
    <Page Include="Views\OperatorsPanel.xaml">
      <Filter>Views</Filter>
    </Page>
    <Page Include="Views\TitleBar.xaml">
      <Filter>Views</Filter>
    </Page>
    <Page Include="$(MSBuildThisFileDirectory)DensityStyles\Compact.xaml" />
  </ItemGroup>
  <ItemGroup>
    <PRIResource Include="Resources\en-US\CEngineStrings.resw">
      <Filter>Resources\en-US</Filter>
    </PRIResource>
    <PRIResource Include="Resources\en-US\Resources.resw">
      <Filter>Resources\en-US</Filter>
    </PRIResource>
    <PRIResource Include="Resources\az-Latn-AZ\CEngineStrings.resw">
      <Filter>Resources\az-Latn-az</Filter>
    </PRIResource>
    <PRIResource Include="Resources\uz-Latn-UZ\CEngineStrings.resw">
      <Filter>Resources\uz-latn-uz</Filter>
    </PRIResource>
    <PRIResource Include="Resources\af-ZA\CEngineStrings.resw">
      <Filter>Resources\af-za</Filter>
    </PRIResource>
    <PRIResource Include="Resources\uk-UA\CEngineStrings.resw">
      <Filter>Resources\uk-ua</Filter>
    </PRIResource>
    <PRIResource Include="Resources\ar-sa\CEngineStrings.resw">
      <Filter>Resources\ar-sa</Filter>
    </PRIResource>
    <PRIResource Include="Resources\vi-vn\CEngineStrings.resw">
      <Filter>Resources\vi-vn</Filter>
    </PRIResource>
    <PRIResource Include="Resources\be-BY\CEngineStrings.resw">
      <Filter>Resources\be-by</Filter>
    </PRIResource>
    <PRIResource Include="Resources\am-et\CEngineStrings.resw">
      <Filter>Resources\am-et</Filter>
    </PRIResource>
    <PRIResource Include="Resources\tr-tr\CEngineStrings.resw">
      <Filter>Resources\tr-tr</Filter>
    </PRIResource>
    <PRIResource Include="Resources\zh-tw\CEngineStrings.resw">
      <Filter>Resources\zh-tw</Filter>
    </PRIResource>
    <PRIResource Include="Resources\bg-BG\CEngineStrings.resw">
      <Filter>Resources\bg-bg</Filter>
    </PRIResource>
    <PRIResource Include="Resources\ca-es\CEngineStrings.resw">
      <Filter>Resources\ca-es</Filter>
    </PRIResource>
    <PRIResource Include="Resources\cs-cz\CEngineStrings.resw">
      <Filter>Resources\cs-cz</Filter>
    </PRIResource>
    <PRIResource Include="Resources\da-DK\CEngineStrings.resw">
      <Filter>Resources\da-dk</Filter>
    </PRIResource>
    <PRIResource Include="Resources\zh-cn\CEngineStrings.resw">
      <Filter>Resources\zh-cn</Filter>
    </PRIResource>
    <PRIResource Include="Resources\sw-KE\CEngineStrings.resw">
      <Filter>Resources\sw-ke</Filter>
    </PRIResource>
    <PRIResource Include="Resources\bn-BD\CEngineStrings.resw">
      <Filter>Resources\bn-bd</Filter>
    </PRIResource>
    <PRIResource Include="Resources\ta-IN\CEngineStrings.resw">
      <Filter>Resources\ta-in</Filter>
    </PRIResource>
    <PRIResource Include="Resources\sv-se\CEngineStrings.resw">
      <Filter>Resources\sv-se</Filter>
    </PRIResource>
    <PRIResource Include="Resources\te-IN\CEngineStrings.resw">
      <Filter>Resources\te-in</Filter>
    </PRIResource>
    <PRIResource Include="Resources\th-th\CEngineStrings.resw">
      <Filter>Resources\th-th</Filter>
    </PRIResource>
    <PRIResource Include="Resources\et-EE\CEngineStrings.resw">
      <Filter>Resources\et-ee</Filter>
    </PRIResource>
    <PRIResource Include="Resources\es-mx\CEngineStrings.resw">
      <Filter>Resources\es-mx</Filter>
    </PRIResource>
    <PRIResource Include="Resources\sk-SK\CEngineStrings.resw">
      <Filter>Resources\sk-sk</Filter>
    </PRIResource>
    <PRIResource Include="Resources\el-GR\CEngineStrings.resw">
      <Filter>Resources\el-gr</Filter>
    </PRIResource>
    <PRIResource Include="Resources\en-gb\CEngineStrings.resw">
      <Filter>Resources\en-gb</Filter>
    </PRIResource>
    <PRIResource Include="Resources\de-de\CEngineStrings.resw">
      <Filter>Resources\de-de</Filter>
    </PRIResource>
    <PRIResource Include="Resources\sr-Latn-RS\CEngineStrings.resw">
      <Filter>Resources\sr-latn-rs</Filter>
    </PRIResource>
    <PRIResource Include="Resources\es-es\CEngineStrings.resw">
      <Filter>Resources\es-es</Filter>
    </PRIResource>
    <PRIResource Include="Resources\sq-AL\CEngineStrings.resw">
      <Filter>Resources\sq-al</Filter>
    </PRIResource>
    <PRIResource Include="Resources\fil-PH\CEngineStrings.resw">
      <Filter>Resources\fil-ph</Filter>
    </PRIResource>
    <PRIResource Include="Resources\ru-ru\CEngineStrings.resw">
      <Filter>Resources\ru-ru</Filter>
    </PRIResource>
    <PRIResource Include="Resources\fr-ca\CEngineStrings.resw">
      <Filter>Resources\fr-ca</Filter>
    </PRIResource>
    <PRIResource Include="Resources\sl-SI\CEngineStrings.resw">
      <Filter>Resources\sl-sI</Filter>
    </PRIResource>
    <PRIResource Include="Resources\nl-nl\CEngineStrings.resw">
      <Filter>Resources\nl-nl</Filter>
    </PRIResource>
    <PRIResource Include="Resources\nb-NO\CEngineStrings.resw">
      <Filter>Resources\nb-no</Filter>
    </PRIResource>
    <PRIResource Include="Resources\eu-ES\CEngineStrings.resw">
      <Filter>Resources\eu-es</Filter>
    </PRIResource>
    <PRIResource Include="Resources\fa-IR\CEngineStrings.resw">
      <Filter>Resources\fa-ir</Filter>
    </PRIResource>
    <PRIResource Include="Resources\fi-fi\CEngineStrings.resw">
      <Filter>Resources\fi-fi</Filter>
    </PRIResource>
    <PRIResource Include="Resources\ro-RO\CEngineStrings.resw">
      <Filter>Resources\ro-ro</Filter>
    </PRIResource>
    <PRIResource Include="Resources\he-IL\CEngineStrings.resw">
      <Filter>Resources\he-il</Filter>
    </PRIResource>
    <PRIResource Include="Resources\fr-fr\CEngineStrings.resw">
      <Filter>Resources\fr-fr</Filter>
    </PRIResource>
    <PRIResource Include="Resources\gl-ES\CEngineStrings.resw">
      <Filter>Resources\gl-es</Filter>
    </PRIResource>
    <PRIResource Include="Resources\pl-pl\CEngineStrings.resw">
      <Filter>Resources\pl-pl</Filter>
    </PRIResource>
    <PRIResource Include="Resources\pt-PT\CEngineStrings.resw">
      <Filter>Resources\pt-pt</Filter>
    </PRIResource>
    <PRIResource Include="Resources\hi-in\CEngineStrings.resw">
      <Filter>Resources\hi-in</Filter>
    </PRIResource>
    <PRIResource Include="Resources\pt-br\CEngineStrings.resw">
      <Filter>Resources\pt-br</Filter>
    </PRIResource>
    <PRIResource Include="Resources\ha-Latn-NG\CEngineStrings.resw">
      <Filter>Resources\ha-latn-ng</Filter>
    </PRIResource>
    <PRIResource Include="Resources\lt-LT\CEngineStrings.resw">
      <Filter>Resources\lt-lt</Filter>
    </PRIResource>
    <PRIResource Include="Resources\ms-MY\CEngineStrings.resw">
      <Filter>Resources\ms-my</Filter>
    </PRIResource>
    <PRIResource Include="Resources\it-it\CEngineStrings.resw">
      <Filter>Resources\it-it</Filter>
    </PRIResource>
    <PRIResource Include="Resources\mk-MK\CEngineStrings.resw">
      <Filter>Resources\mk-mk</Filter>
    </PRIResource>
    <PRIResource Include="Resources\lv-LV\CEngineStrings.resw">
      <Filter>Resources\lv-lv</Filter>
    </PRIResource>
    <PRIResource Include="Resources\ja-jp\CEngineStrings.resw">
      <Filter>Resources\ja-jp</Filter>
    </PRIResource>
    <PRIResource Include="Resources\id-ID\CEngineStrings.resw">
      <Filter>Resources\id-id</Filter>
    </PRIResource>
    <PRIResource Include="Resources\ml-IN\CEngineStrings.resw">
      <Filter>Resources\ml-in</Filter>
    </PRIResource>
    <PRIResource Include="Resources\hr-HR\CEngineStrings.resw">
      <Filter>Resources\hr-hr</Filter>
    </PRIResource>
    <PRIResource Include="Resources\kn-IN\CEngineStrings.resw">
      <Filter>Resources\kn-in</Filter>
    </PRIResource>
    <PRIResource Include="Resources\hu-HU\CEngineStrings.resw">
      <Filter>Resources\hu-hu</Filter>
    </PRIResource>
    <PRIResource Include="Resources\is-IS\CEngineStrings.resw">
      <Filter>Resources\is-is</Filter>
    </PRIResource>
    <PRIResource Include="Resources\ko-kr\CEngineStrings.resw">
      <Filter>Resources\ko-kr</Filter>
    </PRIResource>
    <PRIResource Include="Resources\lo-LA\CEngineStrings.resw">
      <Filter>Resources\lo-la</Filter>
    </PRIResource>
    <PRIResource Include="Resources\km-KH\CEngineStrings.resw">
      <Filter>Resources\km-kh</Filter>
    </PRIResource>
    <PRIResource Include="Resources\kk-KZ\CEngineStrings.resw">
      <Filter>Resources\kk-kz</Filter>
    </PRIResource>
    <PRIResource Include="Resources\es-mx\resources.resw">
      <Filter>Resources\es-mx</Filter>
    </PRIResource>
    <PRIResource Include="Resources\fr-ca\resources.resw">
      <Filter>Resources\fr-ca</Filter>
    </PRIResource>
    <PRIResource Include="Resources\is-IS\Resources.resw">
      <Filter>Resources\is-is</Filter>
    </PRIResource>
    <PRIResource Include="Resources\km-KH\Resources.resw">
      <Filter>Resources\km-kh</Filter>
    </PRIResource>
    <PRIResource Include="Resources\id-ID\Resources.resw">
      <Filter>Resources\id-id</Filter>
    </PRIResource>
    <PRIResource Include="Resources\it-it\Resources.resw">
      <Filter>Resources\it-it</Filter>
    </PRIResource>
    <PRIResource Include="Resources\ms-MY\Resources.resw">
      <Filter>Resources\ms-my</Filter>
    </PRIResource>
    <PRIResource Include="Resources\hr-HR\Resources.resw">
      <Filter>Resources\hr-hr</Filter>
    </PRIResource>
    <PRIResource Include="Resources\mk-MK\Resources.resw">
      <Filter>Resources\mk-mk</Filter>
    </PRIResource>
    <PRIResource Include="Resources\ml-IN\Resources.resw">
      <Filter>Resources\ml-in</Filter>
    </PRIResource>
    <PRIResource Include="Resources\lv-LV\Resources.resw">
      <Filter>Resources\lv-lv</Filter>
    </PRIResource>
    <PRIResource Include="Resources\fr-fr\Resources.resw">
      <Filter>Resources\fr-fr</Filter>
    </PRIResource>
    <PRIResource Include="Resources\hi-in\Resources.resw">
      <Filter>Resources\hi-in</Filter>
    </PRIResource>
    <PRIResource Include="Resources\lt-LT\Resources.resw">
      <Filter>Resources\lt-lt</Filter>
    </PRIResource>
    <PRIResource Include="Resources\hu-HU\Resources.resw">
      <Filter>Resources\hu-hu</Filter>
    </PRIResource>
    <PRIResource Include="Resources\he-IL\Resources.resw">
      <Filter>Resources\he-il</Filter>
    </PRIResource>
    <PRIResource Include="Resources\pt-PT\Resources.resw">
      <Filter>Resources\pt-pt</Filter>
    </PRIResource>
    <PRIResource Include="Resources\gl-ES\Resources.resw">
      <Filter>Resources\gl-es</Filter>
    </PRIResource>
    <PRIResource Include="Resources\pt-br\Resources.resw">
      <Filter>Resources\pt-br</Filter>
    </PRIResource>
    <PRIResource Include="Resources\eu-ES\Resources.resw">
      <Filter>Resources\eu-es</Filter>
    </PRIResource>
    <PRIResource Include="Resources\fa-IR\Resources.resw">
      <Filter>Resources\fa-ir</Filter>
    </PRIResource>
    <PRIResource Include="Resources\nb-NO\Resources.resw">
      <Filter>Resources\nb-no</Filter>
    </PRIResource>
    <PRIResource Include="Resources\pl-pl\Resources.resw">
      <Filter>Resources\pl-pl</Filter>
    </PRIResource>
    <PRIResource Include="Resources\nl-nl\Resources.resw">
      <Filter>Resources\nl-nl</Filter>
    </PRIResource>
    <PRIResource Include="Resources\et-EE\Resources.resw">
      <Filter>Resources\et-ee</Filter>
    </PRIResource>
    <PRIResource Include="Resources\sq-AL\Resources.resw">
      <Filter>Resources\sq-al</Filter>
    </PRIResource>
    <PRIResource Include="Resources\ro-RO\Resources.resw">
      <Filter>Resources\ro-ro</Filter>
    </PRIResource>
    <PRIResource Include="Resources\ru-ru\Resources.resw">
      <Filter>Resources\ru-ru</Filter>
    </PRIResource>
    <PRIResource Include="Resources\ha-Latn-NG\Resources.resw">
      <Filter>Resources\ha-latn-ng</Filter>
    </PRIResource>
    <PRIResource Include="Resources\lo-LA\Resources.resw">
      <Filter>Resources\lo-la</Filter>
    </PRIResource>
    <PRIResource Include="Resources\fil-PH\Resources.resw">
      <Filter>Resources\fil-ph</Filter>
    </PRIResource>
    <PRIResource Include="Resources\sk-SK\Resources.resw">
      <Filter>Resources\sk-sk</Filter>
    </PRIResource>
    <PRIResource Include="Resources\fi-fi\Resources.resw">
      <Filter>Resources\fi-fi</Filter>
    </PRIResource>
    <PRIResource Include="Resources\de-de\Resources.resw">
      <Filter>Resources\de-de</Filter>
    </PRIResource>
    <PRIResource Include="Resources\sr-Latn-RS\Resources.resw">
      <Filter>Resources\sr-latn-rs</Filter>
    </PRIResource>
    <PRIResource Include="Resources\en-gb\Resources.resw">
      <Filter>Resources\en-gb</Filter>
    </PRIResource>
    <PRIResource Include="Resources\te-IN\Resources.resw">
      <Filter>Resources\te-in</Filter>
    </PRIResource>
    <PRIResource Include="Resources\kn-IN\Resources.resw">
      <Filter>Resources\kn-in</Filter>
    </PRIResource>
    <PRIResource Include="Resources\th-th\Resources.resw">
      <Filter>Resources\th-th</Filter>
    </PRIResource>
    <PRIResource Include="Resources\ta-IN\Resources.resw">
      <Filter>Resources\ta-in</Filter>
    </PRIResource>
    <PRIResource Include="Resources\es-es\Resources.resw">
      <Filter>Resources\es-es</Filter>
    </PRIResource>
    <PRIResource Include="Resources\sv-se\Resources.resw">
      <Filter>Resources\sv-se</Filter>
    </PRIResource>
    <PRIResource Include="Resources\el-GR\Resources.resw">
      <Filter>Resources\el-gr</Filter>
    </PRIResource>
    <PRIResource Include="Resources\sw-KE\Resources.resw">
      <Filter>Resources\sw-ke</Filter>
    </PRIResource>
    <PRIResource Include="Resources\uk-UA\Resources.resw">
      <Filter>Resources\uk-ua</Filter>
    </PRIResource>
    <PRIResource Include="Resources\zh-cn\Resources.resw">
      <Filter>Resources\zh-cn</Filter>
    </PRIResource>
    <PRIResource Include="Resources\vi-vn\Resources.resw">
      <Filter>Resources\vi-vn</Filter>
    </PRIResource>
    <PRIResource Include="Resources\uz-Latn-UZ\Resources.resw">
      <Filter>Resources\uz-latn-uz</Filter>
    </PRIResource>
    <PRIResource Include="Resources\tr-tr\Resources.resw">
      <Filter>Resources\tr-tr</Filter>
    </PRIResource>
    <PRIResource Include="Resources\sl-SI\Resources.resw">
      <Filter>Resources\sl-sI</Filter>
    </PRIResource>
    <PRIResource Include="Resources\zh-tw\Resources.resw">
      <Filter>Resources\zh-tw</Filter>
    </PRIResource>
    <PRIResource Include="Resources\bn-BD\Resources.resw">
      <Filter>Resources\bn-bd</Filter>
    </PRIResource>
    <PRIResource Include="Resources\cs-cz\Resources.resw">
      <Filter>Resources\cs-cz</Filter>
    </PRIResource>
    <PRIResource Include="Resources\da-DK\Resources.resw">
      <Filter>Resources\da-dk</Filter>
    </PRIResource>
    <PRIResource Include="Resources\bg-BG\Resources.resw">
      <Filter>Resources\bg-bg</Filter>
    </PRIResource>
    <PRIResource Include="Resources\ca-es\Resources.resw">
      <Filter>Resources\ca-es</Filter>
    </PRIResource>
    <PRIResource Include="Resources\az-Latn-AZ\Resources.resw">
      <Filter>Resources\az-Latn-az</Filter>
    </PRIResource>
    <PRIResource Include="Resources\af-ZA\Resources.resw">
      <Filter>Resources\af-za</Filter>
    </PRIResource>
    <PRIResource Include="Resources\ar-sa\Resources.resw">
      <Filter>Resources\ar-sa</Filter>
    </PRIResource>
    <PRIResource Include="Resources\be-BY\Resources.resw">
      <Filter>Resources\be-by</Filter>
    </PRIResource>
    <PRIResource Include="Resources\kk-KZ\Resources.resw">
      <Filter>Resources\kk-kz</Filter>
    </PRIResource>
    <PRIResource Include="Resources\am-et\Resources.resw">
      <Filter>Resources\am-et</Filter>
    </PRIResource>
    <PRIResource Include="Resources\ja-jp\Resources.resw">
      <Filter>Resources\ja-jp</Filter>
    </PRIResource>
    <PRIResource Include="Resources\ko-kr\Resources.resw">
      <Filter>Resources\ko-kr</Filter>
    </PRIResource>
  </ItemGroup>
  <ItemGroup>
    <Image Include="Assets\CalculatorAppList.targetsize-16.png">
      <Filter>Assets</Filter>
    </Image>
    <Image Include="Assets\CalculatorAppList.targetsize-20.png">
      <Filter>Assets</Filter>
    </Image>
    <Image Include="Assets\CalculatorAppList.targetsize-24.png">
      <Filter>Assets</Filter>
    </Image>
    <Image Include="Assets\CalculatorAppList.targetsize-32.png">
      <Filter>Assets</Filter>
    </Image>
    <Image Include="Assets\CalculatorAppList.targetsize-40.png">
      <Filter>Assets</Filter>
    </Image>
    <Image Include="Assets\CalculatorAppList.targetsize-48.png">
      <Filter>Assets</Filter>
    </Image>
    <Image Include="Assets\CalculatorAppList.targetsize-64.png">
      <Filter>Assets</Filter>
    </Image>
    <Image Include="Assets\CalculatorAppList.targetsize-80.png">
      <Filter>Assets</Filter>
    </Image>
    <Image Include="Assets\CalculatorAppList.targetsize-96.png">
      <Filter>Assets</Filter>
    </Image>
    <Image Include="Assets\CalculatorAppList.targetsize-256.png">
      <Filter>Assets</Filter>
    </Image>
    <Image Include="Assets\CalculatorAppList.contrast-white_scale-100.png">
      <Filter>Assets</Filter>
    </Image>
    <Image Include="Assets\CalculatorAppList.contrast-white_scale-125.png">
      <Filter>Assets</Filter>
    </Image>
    <Image Include="Assets\CalculatorAppList.contrast-white_scale-150.png">
      <Filter>Assets</Filter>
    </Image>
    <Image Include="Assets\CalculatorAppList.contrast-white_scale-200.png">
      <Filter>Assets</Filter>
    </Image>
    <Image Include="Assets\CalculatorAppList.contrast-white_scale-400.png">
      <Filter>Assets</Filter>
    </Image>
    <Image Include="Assets\CalculatorAppList.contrast-white_targetsize-16.png">
      <Filter>Assets</Filter>
    </Image>
    <Image Include="Assets\CalculatorAppList.contrast-white_targetsize-20.png">
      <Filter>Assets</Filter>
    </Image>
    <Image Include="Assets\CalculatorAppList.contrast-white_targetsize-24.png">
      <Filter>Assets</Filter>
    </Image>
    <Image Include="Assets\CalculatorAppList.contrast-white_targetsize-32.png">
      <Filter>Assets</Filter>
    </Image>
    <Image Include="Assets\CalculatorAppList.contrast-white_targetsize-40.png">
      <Filter>Assets</Filter>
    </Image>
    <Image Include="Assets\CalculatorAppList.contrast-white_targetsize-48.png">
      <Filter>Assets</Filter>
    </Image>
    <Image Include="Assets\CalculatorAppList.contrast-white_targetsize-64.png">
      <Filter>Assets</Filter>
    </Image>
    <Image Include="Assets\CalculatorAppList.contrast-white_targetsize-80.png">
      <Filter>Assets</Filter>
    </Image>
    <Image Include="Assets\CalculatorAppList.contrast-white_targetsize-96.png">
      <Filter>Assets</Filter>
    </Image>
    <Image Include="Assets\CalculatorAppList.contrast-white_targetsize-256.png">
      <Filter>Assets</Filter>
    </Image>
    <Image Include="Assets\CalculatorLargeTile.contrast-white_scale-100.png">
      <Filter>Assets</Filter>
    </Image>
    <Image Include="Assets\CalculatorLargeTile.contrast-white_scale-125.png">
      <Filter>Assets</Filter>
    </Image>
    <Image Include="Assets\CalculatorLargeTile.contrast-white_scale-150.png">
      <Filter>Assets</Filter>
    </Image>
    <Image Include="Assets\CalculatorLargeTile.contrast-white_scale-200.png">
      <Filter>Assets</Filter>
    </Image>
    <Image Include="Assets\CalculatorLargeTile.contrast-white_scale-400.png">
      <Filter>Assets</Filter>
    </Image>
    <Image Include="Assets\CalculatorMedTile.contrast-white_scale-100.png">
      <Filter>Assets</Filter>
    </Image>
    <Image Include="Assets\CalculatorMedTile.contrast-white_scale-125.png">
      <Filter>Assets</Filter>
    </Image>
    <Image Include="Assets\CalculatorMedTile.contrast-white_scale-150.png">
      <Filter>Assets</Filter>
    </Image>
    <Image Include="Assets\CalculatorMedTile.contrast-white_scale-200.png">
      <Filter>Assets</Filter>
    </Image>
    <Image Include="Assets\CalculatorMedTile.contrast-white_scale-400.png">
      <Filter>Assets</Filter>
    </Image>
    <Image Include="Assets\CalculatorSmallTile.contrast-white_scale-100.png">
      <Filter>Assets</Filter>
    </Image>
    <Image Include="Assets\CalculatorSmallTile.contrast-white_scale-125.png">
      <Filter>Assets</Filter>
    </Image>
    <Image Include="Assets\CalculatorSmallTile.contrast-white_scale-150.png">
      <Filter>Assets</Filter>
    </Image>
    <Image Include="Assets\CalculatorSmallTile.contrast-white_scale-200.png">
      <Filter>Assets</Filter>
    </Image>
    <Image Include="Assets\CalculatorSmallTile.contrast-white_scale-400.png">
      <Filter>Assets</Filter>
    </Image>
    <Image Include="Assets\CalculatorWideTile.contrast-white_scale-100.png">
      <Filter>Assets</Filter>
    </Image>
    <Image Include="Assets\CalculatorWideTile.contrast-white_scale-125.png">
      <Filter>Assets</Filter>
    </Image>
    <Image Include="Assets\CalculatorWideTile.contrast-white_scale-150.png">
      <Filter>Assets</Filter>
    </Image>
    <Image Include="Assets\CalculatorWideTile.contrast-white_scale-200.png">
      <Filter>Assets</Filter>
    </Image>
    <Image Include="Assets\CalculatorWideTile.contrast-white_scale-400.png">
      <Filter>Assets</Filter>
    </Image>
    <Image Include="Assets\CalculatorAppList.contrast-black_scale-100.png">
      <Filter>Assets</Filter>
    </Image>
    <Image Include="Assets\CalculatorAppList.contrast-black_scale-125.png">
      <Filter>Assets</Filter>
    </Image>
    <Image Include="Assets\CalculatorAppList.contrast-black_scale-150.png">
      <Filter>Assets</Filter>
    </Image>
    <Image Include="Assets\CalculatorAppList.contrast-black_scale-200.png">
      <Filter>Assets</Filter>
    </Image>
    <Image Include="Assets\CalculatorAppList.contrast-black_scale-400.png">
      <Filter>Assets</Filter>
    </Image>
    <Image Include="Assets\CalculatorAppList.contrast-black_targetsize-16.png">
      <Filter>Assets</Filter>
    </Image>
    <Image Include="Assets\CalculatorAppList.contrast-black_targetsize-20.png">
      <Filter>Assets</Filter>
    </Image>
    <Image Include="Assets\CalculatorAppList.contrast-black_targetsize-24.png">
      <Filter>Assets</Filter>
    </Image>
    <Image Include="Assets\CalculatorAppList.contrast-black_targetsize-32.png">
      <Filter>Assets</Filter>
    </Image>
    <Image Include="Assets\CalculatorAppList.contrast-black_targetsize-40.png">
      <Filter>Assets</Filter>
    </Image>
    <Image Include="Assets\CalculatorAppList.contrast-black_targetsize-48.png">
      <Filter>Assets</Filter>
    </Image>
    <Image Include="Assets\CalculatorAppList.contrast-black_targetsize-64.png">
      <Filter>Assets</Filter>
    </Image>
    <Image Include="Assets\CalculatorAppList.contrast-black_targetsize-80.png">
      <Filter>Assets</Filter>
    </Image>
    <Image Include="Assets\CalculatorAppList.contrast-black_targetsize-96.png">
      <Filter>Assets</Filter>
    </Image>
    <Image Include="Assets\CalculatorAppList.contrast-black_targetsize-256.png">
      <Filter>Assets</Filter>
    </Image>
    <Image Include="Assets\CalculatorLargeTile.contrast-black_scale-100.png">
      <Filter>Assets</Filter>
    </Image>
    <Image Include="Assets\CalculatorLargeTile.contrast-black_scale-125.png">
      <Filter>Assets</Filter>
    </Image>
    <Image Include="Assets\CalculatorLargeTile.contrast-black_scale-150.png">
      <Filter>Assets</Filter>
    </Image>
    <Image Include="Assets\CalculatorLargeTile.contrast-black_scale-200.png">
      <Filter>Assets</Filter>
    </Image>
    <Image Include="Assets\CalculatorLargeTile.contrast-black_scale-400.png">
      <Filter>Assets</Filter>
    </Image>
    <Image Include="Assets\CalculatorMedTile.contrast-black_scale-100.png">
      <Filter>Assets</Filter>
    </Image>
    <Image Include="Assets\CalculatorMedTile.contrast-black_scale-125.png">
      <Filter>Assets</Filter>
    </Image>
    <Image Include="Assets\CalculatorMedTile.contrast-black_scale-150.png">
      <Filter>Assets</Filter>
    </Image>
    <Image Include="Assets\CalculatorMedTile.contrast-black_scale-200.png">
      <Filter>Assets</Filter>
    </Image>
    <Image Include="Assets\CalculatorMedTile.contrast-black_scale-400.png">
      <Filter>Assets</Filter>
    </Image>
    <Image Include="Assets\CalculatorSmallTile.contrast-black_scale-100.png">
      <Filter>Assets</Filter>
    </Image>
    <Image Include="Assets\CalculatorSmallTile.contrast-black_scale-125.png">
      <Filter>Assets</Filter>
    </Image>
    <Image Include="Assets\CalculatorSmallTile.contrast-black_scale-150.png">
      <Filter>Assets</Filter>
    </Image>
    <Image Include="Assets\CalculatorSmallTile.contrast-black_scale-200.png">
      <Filter>Assets</Filter>
    </Image>
    <Image Include="Assets\CalculatorSmallTile.contrast-black_scale-400.png">
      <Filter>Assets</Filter>
    </Image>
    <Image Include="Assets\CalculatorWideTile.contrast-black_scale-100.png">
      <Filter>Assets</Filter>
    </Image>
    <Image Include="Assets\CalculatorWideTile.contrast-black_scale-125.png">
      <Filter>Assets</Filter>
    </Image>
    <Image Include="Assets\CalculatorWideTile.contrast-black_scale-150.png">
      <Filter>Assets</Filter>
    </Image>
    <Image Include="Assets\CalculatorWideTile.contrast-black_scale-200.png">
      <Filter>Assets</Filter>
    </Image>
    <Image Include="Assets\CalculatorWideTile.contrast-black_scale-400.png">
      <Filter>Assets</Filter>
    </Image>
    <Image Include="Assets\CalculatorAppList.targetsize-16_altform-unplated.png">
      <Filter>Assets</Filter>
    </Image>
    <Image Include="Assets\CalculatorAppList.targetsize-16_altform-unplated_contrast-black.png">
      <Filter>Assets</Filter>
    </Image>
    <Image Include="Assets\CalculatorAppList.targetsize-16_altform-unplated_contrast-white.png">
      <Filter>Assets</Filter>
    </Image>
    <Image Include="Assets\CalculatorAppList.targetsize-20_altform-unplated.png">
      <Filter>Assets</Filter>
    </Image>
    <Image Include="Assets\CalculatorAppList.targetsize-20_altform-unplated_contrast-black.png">
      <Filter>Assets</Filter>
    </Image>
    <Image Include="Assets\CalculatorAppList.targetsize-20_altform-unplated_contrast-white.png">
      <Filter>Assets</Filter>
    </Image>
    <Image Include="Assets\CalculatorAppList.targetsize-24_altform-unplated.png">
      <Filter>Assets</Filter>
    </Image>
    <Image Include="Assets\CalculatorAppList.targetsize-24_altform-unplated_contrast-black.png">
      <Filter>Assets</Filter>
    </Image>
    <Image Include="Assets\CalculatorAppList.targetsize-24_altform-unplated_contrast-white.png">
      <Filter>Assets</Filter>
    </Image>
    <Image Include="Assets\CalculatorAppList.targetsize-32_altform-unplated.png">
      <Filter>Assets</Filter>
    </Image>
    <Image Include="Assets\CalculatorAppList.targetsize-32_altform-unplated_contrast-black.png">
      <Filter>Assets</Filter>
    </Image>
    <Image Include="Assets\CalculatorAppList.targetsize-32_altform-unplated_contrast-white.png">
      <Filter>Assets</Filter>
    </Image>
    <Image Include="Assets\CalculatorAppList.targetsize-40_altform-unplated.png">
      <Filter>Assets</Filter>
    </Image>
    <Image Include="Assets\CalculatorAppList.targetsize-40_altform-unplated_contrast-black.png">
      <Filter>Assets</Filter>
    </Image>
    <Image Include="Assets\CalculatorAppList.targetsize-40_altform-unplated_contrast-white.png">
      <Filter>Assets</Filter>
    </Image>
    <Image Include="Assets\CalculatorAppList.targetsize-48_altform-unplated.png">
      <Filter>Assets</Filter>
    </Image>
    <Image Include="Assets\CalculatorAppList.targetsize-48_altform-unplated_contrast-black.png">
      <Filter>Assets</Filter>
    </Image>
    <Image Include="Assets\CalculatorAppList.targetsize-48_altform-unplated_contrast-white.png">
      <Filter>Assets</Filter>
    </Image>
    <Image Include="Assets\CalculatorAppList.targetsize-64_altform-unplated.png">
      <Filter>Assets</Filter>
    </Image>
    <Image Include="Assets\CalculatorAppList.targetsize-64_altform-unplated_contrast-black.png">
      <Filter>Assets</Filter>
    </Image>
    <Image Include="Assets\CalculatorAppList.targetsize-64_altform-unplated_contrast-white.png">
      <Filter>Assets</Filter>
    </Image>
    <Image Include="Assets\CalculatorAppList.targetsize-80_altform-unplated.png">
      <Filter>Assets</Filter>
    </Image>
    <Image Include="Assets\CalculatorAppList.targetsize-80_altform-unplated_contrast-black.png">
      <Filter>Assets</Filter>
    </Image>
    <Image Include="Assets\CalculatorAppList.targetsize-80_altform-unplated_contrast-white.png">
      <Filter>Assets</Filter>
    </Image>
    <Image Include="Assets\CalculatorAppList.targetsize-96_altform-unplated.png">
      <Filter>Assets</Filter>
    </Image>
    <Image Include="Assets\CalculatorAppList.targetsize-96_altform-unplated_contrast-black.png">
      <Filter>Assets</Filter>
    </Image>
    <Image Include="Assets\CalculatorAppList.targetsize-96_altform-unplated_contrast-white.png">
      <Filter>Assets</Filter>
    </Image>
    <Image Include="Assets\CalculatorAppList.targetsize-256_altform-unplated.png">
      <Filter>Assets</Filter>
    </Image>
    <Image Include="Assets\CalculatorAppList.targetsize-256_altform-unplated_contrast-black.png">
      <Filter>Assets</Filter>
    </Image>
    <Image Include="Assets\CalculatorAppList.targetsize-256_altform-unplated_contrast-white.png">
      <Filter>Assets</Filter>
    </Image>
    <Image Include="Assets\CalculatorSplashScreen.contrast-black_scale-100.png">
      <Filter>Assets</Filter>
    </Image>
    <Image Include="Assets\CalculatorSplashScreen.contrast-white_scale-100.png">
      <Filter>Assets</Filter>
    </Image>
    <Image Include="Assets\CalculatorAppList.contrast-black_targetsize-30.png">
      <Filter>Assets</Filter>
    </Image>
    <Image Include="Assets\CalculatorAppList.contrast-black_targetsize-36.png">
      <Filter>Assets</Filter>
    </Image>
    <Image Include="Assets\CalculatorAppList.contrast-black_targetsize-60.png">
      <Filter>Assets</Filter>
    </Image>
    <Image Include="Assets\CalculatorAppList.contrast-black_targetsize-72.png">
      <Filter>Assets</Filter>
    </Image>
    <Image Include="Assets\CalculatorAppList.contrast-white_targetsize-30.png">
      <Filter>Assets</Filter>
    </Image>
    <Image Include="Assets\CalculatorAppList.contrast-white_targetsize-36.png">
      <Filter>Assets</Filter>
    </Image>
    <Image Include="Assets\CalculatorAppList.contrast-white_targetsize-60.png">
      <Filter>Assets</Filter>
    </Image>
    <Image Include="Assets\CalculatorAppList.contrast-white_targetsize-72.png">
      <Filter>Assets</Filter>
    </Image>
    <Image Include="Assets\CalculatorAppList.targetsize-30.png">
      <Filter>Assets</Filter>
    </Image>
    <Image Include="Assets\CalculatorAppList.targetsize-30_altform-unplated.png">
      <Filter>Assets</Filter>
    </Image>
    <Image Include="Assets\CalculatorAppList.targetsize-30_altform-unplated_contrast-black.png">
      <Filter>Assets</Filter>
    </Image>
    <Image Include="Assets\CalculatorAppList.targetsize-30_altform-unplated_contrast-white.png">
      <Filter>Assets</Filter>
    </Image>
    <Image Include="Assets\CalculatorAppList.targetsize-36.png">
      <Filter>Assets</Filter>
    </Image>
    <Image Include="Assets\CalculatorAppList.targetsize-36_altform-unplated.png">
      <Filter>Assets</Filter>
    </Image>
    <Image Include="Assets\CalculatorAppList.targetsize-36_altform-unplated_contrast-black.png">
      <Filter>Assets</Filter>
    </Image>
    <Image Include="Assets\CalculatorAppList.targetsize-36_altform-unplated_contrast-white.png">
      <Filter>Assets</Filter>
    </Image>
    <Image Include="Assets\CalculatorAppList.targetsize-60.png">
      <Filter>Assets</Filter>
    </Image>
    <Image Include="Assets\CalculatorAppList.targetsize-60_altform-unplated.png">
      <Filter>Assets</Filter>
    </Image>
    <Image Include="Assets\CalculatorAppList.targetsize-60_altform-unplated_contrast-black.png">
      <Filter>Assets</Filter>
    </Image>
    <Image Include="Assets\CalculatorAppList.targetsize-60_altform-unplated_contrast-white.png">
      <Filter>Assets</Filter>
    </Image>
    <Image Include="Assets\CalculatorAppList.targetsize-72.png">
      <Filter>Assets</Filter>
    </Image>
    <Image Include="Assets\CalculatorAppList.targetsize-72_altform-unplated.png">
      <Filter>Assets</Filter>
    </Image>
    <Image Include="Assets\CalculatorAppList.targetsize-72_altform-unplated_contrast-black.png">
      <Filter>Assets</Filter>
    </Image>
    <Image Include="Assets\CalculatorAppList.targetsize-72_altform-unplated_contrast-white.png">
      <Filter>Assets</Filter>
    </Image>
    <Image Include="Assets\CalculatorStoreLogo.contrast-black_scale-100.png">
      <Filter>Assets</Filter>
    </Image>
    <Image Include="Assets\CalculatorStoreLogo.contrast-white_scale-100.png">
      <Filter>Assets</Filter>
    </Image>
    <Image Include="Assets\CalculatorSplashScreen.contrast-white_scale-400.png">
      <Filter>Assets</Filter>
    </Image>
    <Image Include="Assets\CalculatorSplashScreen.contrast-white_scale-200.png">
      <Filter>Assets</Filter>
    </Image>
    <Image Include="Assets\CalculatorSplashScreen.contrast-white_scale-150.png">
      <Filter>Assets</Filter>
    </Image>
    <Image Include="Assets\CalculatorSplashScreen.contrast-white_scale-125.png">
      <Filter>Assets</Filter>
    </Image>
    <Image Include="Assets\CalculatorSplashScreen.contrast-black_scale-400.png">
      <Filter>Assets</Filter>
    </Image>
    <Image Include="Assets\CalculatorSplashScreen.contrast-black_scale-200.png">
      <Filter>Assets</Filter>
    </Image>
    <Image Include="Assets\CalculatorSplashScreen.contrast-black_scale-150.png">
      <Filter>Assets</Filter>
    </Image>
    <Image Include="Assets\CalculatorSplashScreen.contrast-black_scale-125.png">
      <Filter>Assets</Filter>
    </Image>
    <Image Include="Assets\CalculatorStoreLogo.contrast-black_scale-200.png">
      <Filter>Assets</Filter>
    </Image>
    <Image Include="Assets\CalculatorStoreLogo.contrast-white_scale-200.png">
      <Filter>Assets</Filter>
    </Image>
    <Image Include="Assets\Standard.targetsize-64_contrast-white.png">
      <Filter>Assets</Filter>
    </Image>
    <Image Include="Assets\Date.targetsize-16_contrast-white.png">
      <Filter>Assets</Filter>
    </Image>
    <Image Include="Assets\Date.targetsize-20_contrast-black.png">
      <Filter>Assets</Filter>
    </Image>
    <Image Include="Assets\Date.targetsize-20_contrast-white.png">
      <Filter>Assets</Filter>
    </Image>
    <Image Include="Assets\Date.targetsize-24_contrast-black.png">
      <Filter>Assets</Filter>
    </Image>
    <Image Include="Assets\Date.targetsize-24_contrast-white.png">
      <Filter>Assets</Filter>
    </Image>
    <Image Include="Assets\Date.targetsize-32_contrast-black.png">
      <Filter>Assets</Filter>
    </Image>
    <Image Include="Assets\Date.targetsize-32_contrast-white.png">
      <Filter>Assets</Filter>
    </Image>
    <Image Include="Assets\Date.targetsize-64_contrast-black.png">
      <Filter>Assets</Filter>
    </Image>
    <Image Include="Assets\Date.targetsize-64_contrast-white.png">
      <Filter>Assets</Filter>
    </Image>
    <Image Include="Assets\Programmer.targetsize-16_contrast-black.png">
      <Filter>Assets</Filter>
    </Image>
    <Image Include="Assets\Programmer.targetsize-16_contrast-white.png">
      <Filter>Assets</Filter>
    </Image>
    <Image Include="Assets\Programmer.targetsize-20_contrast-black.png">
      <Filter>Assets</Filter>
    </Image>
    <Image Include="Assets\Programmer.targetsize-20_contrast-white.png">
      <Filter>Assets</Filter>
    </Image>
    <Image Include="Assets\Programmer.targetsize-24_contrast-black.png">
      <Filter>Assets</Filter>
    </Image>
    <Image Include="Assets\Programmer.targetsize-24_contrast-white.png">
      <Filter>Assets</Filter>
    </Image>
    <Image Include="Assets\Programmer.targetsize-32_contrast-black.png">
      <Filter>Assets</Filter>
    </Image>
    <Image Include="Assets\Programmer.targetsize-32_contrast-white.png">
      <Filter>Assets</Filter>
    </Image>
    <Image Include="Assets\Programmer.targetsize-64_contrast-black.png">
      <Filter>Assets</Filter>
    </Image>
    <Image Include="Assets\Programmer.targetsize-64_contrast-white.png">
      <Filter>Assets</Filter>
    </Image>
    <Image Include="Assets\Scientific.targetsize-16_contrast-black.png">
      <Filter>Assets</Filter>
    </Image>
    <Image Include="Assets\Scientific.targetsize-16_contrast-white.png">
      <Filter>Assets</Filter>
    </Image>
    <Image Include="Assets\Scientific.targetsize-20_contrast-black.png">
      <Filter>Assets</Filter>
    </Image>
    <Image Include="Assets\Scientific.targetsize-20_contrast-white.png">
      <Filter>Assets</Filter>
    </Image>
    <Image Include="Assets\Scientific.targetsize-24_contrast-black.png">
      <Filter>Assets</Filter>
    </Image>
    <Image Include="Assets\Scientific.targetsize-24_contrast-white.png">
      <Filter>Assets</Filter>
    </Image>
    <Image Include="Assets\Scientific.targetsize-32_contrast-black.png">
      <Filter>Assets</Filter>
    </Image>
    <Image Include="Assets\Scientific.targetsize-32_contrast-white.png">
      <Filter>Assets</Filter>
    </Image>
    <Image Include="Assets\Scientific.targetsize-64_contrast-black.png">
      <Filter>Assets</Filter>
    </Image>
    <Image Include="Assets\Scientific.targetsize-64_contrast-white.png">
      <Filter>Assets</Filter>
    </Image>
    <Image Include="Assets\Standard.targetsize-16_contrast-black.png">
      <Filter>Assets</Filter>
    </Image>
    <Image Include="Assets\Standard.targetsize-16_contrast-white.png">
      <Filter>Assets</Filter>
    </Image>
    <Image Include="Assets\Standard.targetsize-20_contrast-black.png">
      <Filter>Assets</Filter>
    </Image>
    <Image Include="Assets\Standard.targetsize-20_contrast-white.png">
      <Filter>Assets</Filter>
    </Image>
    <Image Include="Assets\Standard.targetsize-24_contrast-black.png">
      <Filter>Assets</Filter>
    </Image>
    <Image Include="Assets\Standard.targetsize-24_contrast-white.png">
      <Filter>Assets</Filter>
    </Image>
    <Image Include="Assets\Standard.targetsize-32_contrast-black.png">
      <Filter>Assets</Filter>
    </Image>
    <Image Include="Assets\Standard.targetsize-32_contrast-white.png">
      <Filter>Assets</Filter>
    </Image>
    <Image Include="Assets\Standard.targetsize-64_contrast-black.png">
      <Filter>Assets</Filter>
    </Image>
    <Image Include="Assets\Date.targetsize-16_contrast-black.png">
      <Filter>Assets</Filter>
    </Image>
    <Image Include="Assets\CalculatorAppList.targetsize-80_altform-lightunplated.png">
      <Filter>Assets</Filter>
    </Image>
    <Image Include="Assets\CalculatorAppList.targetsize-96_altform-lightunplated.png">
      <Filter>Assets</Filter>
    </Image>
    <Image Include="Assets\CalculatorAppList.targetsize-16_altform-lightunplated.png">
      <Filter>Assets</Filter>
    </Image>
    <Image Include="Assets\CalculatorAppList.targetsize-20_altform-lightunplated.png">
      <Filter>Assets</Filter>
    </Image>
    <Image Include="Assets\CalculatorAppList.targetsize-24_altform-lightunplated.png">
      <Filter>Assets</Filter>
    </Image>
    <Image Include="Assets\CalculatorAppList.targetsize-30_altform-lightunplated.png">
      <Filter>Assets</Filter>
    </Image>
    <Image Include="Assets\CalculatorAppList.targetsize-32_altform-lightunplated.png">
      <Filter>Assets</Filter>
    </Image>
    <Image Include="Assets\CalculatorAppList.targetsize-36_altform-lightunplated.png">
      <Filter>Assets</Filter>
    </Image>
    <Image Include="Assets\CalculatorAppList.targetsize-40_altform-lightunplated.png">
      <Filter>Assets</Filter>
    </Image>
    <Image Include="Assets\CalculatorAppList.targetsize-48_altform-lightunplated.png">
      <Filter>Assets</Filter>
    </Image>
    <Image Include="Assets\CalculatorAppList.targetsize-60_altform-lightunplated.png">
      <Filter>Assets</Filter>
    </Image>
    <Image Include="Assets\CalculatorAppList.targetsize-64_altform-lightunplated.png">
      <Filter>Assets</Filter>
    </Image>
    <Image Include="Assets\CalculatorAppList.targetsize-72_altform-lightunplated.png">
      <Filter>Assets</Filter>
    </Image>
    <Image Include="Assets\CalculatorAppList.targetsize-256_altform-lightunplated.png">
      <Filter>Assets</Filter>
    </Image>
  </ItemGroup>
  <ItemGroup>
    <Font Include="Assets\CalcMDL2.ttf">
      <Filter>Assets</Filter>
    </Font>
  </ItemGroup>
  <ItemGroup>
    <ResourceCompile Include="Calculator.rc" />
  </ItemGroup>
</Project>