<?xml version="1.0" encoding="utf-8"?>
<Project ToolsVersion="4.0" xmlns="http://schemas.microsoft.com/developer/msbuild/2003">
  <ItemGroup>
    <ClCompile Include="ApplicationViewModel.cpp" />
    <ClCompile Include="DateCalculatorViewModel.cpp" />
    <ClCompile Include="HistoryItemViewModel.cpp" />
    <ClCompile Include="HistoryViewModel.cpp" />
    <ClCompile Include="MemoryItemViewModel.cpp" />
    <ClCompile Include="pch.cpp" />
    <ClCompile Include="StandardCalculatorViewModel.cpp" />
    <ClCompile Include="UnitConverterViewModel.cpp" />
    <ClCompile Include="ViewState.cpp" />
    <ClCompile Include="Common\AppResourceProvider.cpp">
      <Filter>Common</Filter>
    </ClCompile>
    <ClCompile Include="Common\BindableBase.cpp">
      <Filter>Common</Filter>
    </ClCompile>
    <ClCompile Include="Common\CalculatorButtonPressedEventArgs.cpp">
      <Filter>Common</Filter>
    </ClCompile>
    <ClCompile Include="Common\CalculatorDisplay.cpp">
      <Filter>Common</Filter>
    </ClCompile>
    <ClCompile Include="Common\ConversionResultTaskHelper.cpp">
      <Filter>Common</Filter>
    </ClCompile>
    <ClCompile Include="Common\CopyPasteManager.cpp">
      <Filter>Common</Filter>
    </ClCompile>
    <ClCompile Include="Common\DateCalculator.cpp">
      <Filter>Common</Filter>
    </ClCompile>
    <ClCompile Include="Common\EngineResourceProvider.cpp">
      <Filter>Common</Filter>
    </ClCompile>
    <ClCompile Include="Common\ExpressionCommandDeserializer.cpp">
      <Filter>Common</Filter>
    </ClCompile>
    <ClCompile Include="Common\ExpressionCommandSerializer.cpp">
      <Filter>Common</Filter>
    </ClCompile>
    <ClCompile Include="Common\KeyboardShortcutManager.cpp">
      <Filter>Common</Filter>
    </ClCompile>
    <ClCompile Include="Common\LocalizationService.cpp">
      <Filter>Common</Filter>
    </ClCompile>
    <ClCompile Include="Common\NavCategory.cpp">
      <Filter>Common</Filter>
    </ClCompile>
    <ClCompile Include="Common\NetworkManager.cpp">
      <Filter>Common</Filter>
    </ClCompile>
    <ClCompile Include="Common\TraceLogger.cpp">
      <Filter>Common</Filter>
    </ClCompile>
    <ClCompile Include="Common\Utils.cpp">
      <Filter>Common</Filter>
    </ClCompile>
    <ClCompile Include="Common\Automation\NarratorAnnouncement.cpp">
      <Filter>Common%255cAutomation</Filter>
    </ClCompile>
    <ClCompile Include="Common\Automation\NarratorAnnouncementHostFactory.cpp">
      <Filter>Common%255cAutomation</Filter>
    </ClCompile>
    <ClCompile Include="Common\Automation\NarratorNotifier.cpp">
      <Filter>Common%255cAutomation</Filter>
    </ClCompile>
    <ClCompile Include="Common\Automation\NotificationHost.cpp">
      <Filter>Common%255cAutomation</Filter>
    </ClCompile>
    <ClCompile Include="Common\Automation\LiveRegionHost.cpp">
      <Filter>Common%255cAutomation</Filter>
    </ClCompile>
    <ClCompile Include="DataLoaders\UnitConverterDataLoader.cpp">
      <Filter>DataLoaders</Filter>
    </ClCompile>
    <ClCompile Include="DataLoaders\CurrencyHttpClient.cpp">
      <Filter>DataLoaders</Filter>
    </ClCompile>
    <ClCompile Include="GraphingCalculator\GraphingCalculatorViewModel.cpp">
      <Filter>GraphingCalculator</Filter>
    </ClCompile>
    <ClCompile Include="GraphingCalculator\EquationViewModel.cpp">
      <Filter>GraphingCalculator</Filter>
    </ClCompile>
    <ClCompile Include="DataLoaders\CurrencyDataLoader.cpp">
      <Filter>DataLoaders</Filter>
    </ClCompile>
  </ItemGroup>
  <ItemGroup>
    <ClInclude Include="ApplicationViewModel.h" />
    <ClInclude Include="DateCalculatorViewModel.h" />
    <ClInclude Include="HistoryItemViewModel.h" />
    <ClInclude Include="HistoryViewModel.h" />
    <ClInclude Include="MemoryItemViewModel.h" />
    <ClInclude Include="pch.h" />
    <ClInclude Include="StandardCalculatorViewModel.h" />
    <ClInclude Include="targetver.h" />
    <ClInclude Include="UnitConverterViewModel.h" />
    <ClInclude Include="ViewState.h" />
    <ClInclude Include="Common\AppResourceProvider.h">
      <Filter>Common</Filter>
    </ClInclude>
    <ClInclude Include="Common\BindableBase.h">
      <Filter>Common</Filter>
    </ClInclude>
    <ClInclude Include="Common\AlwaysSelectedCollectionView.h">
      <Filter>Common</Filter>
    </ClInclude>
    <ClInclude Include="Common\BitLength.h">
      <Filter>Common</Filter>
    </ClInclude>
    <ClInclude Include="Common\CalculatorButtonPressedEventArgs.h">
      <Filter>Common</Filter>
    </ClInclude>
    <ClInclude Include="Common\CalculatorDisplay.h">
      <Filter>Common</Filter>
    </ClInclude>
    <ClInclude Include="Common\ConversionResultTaskHelper.h">
      <Filter>Common</Filter>
    </ClInclude>
    <ClInclude Include="Common\CopyPasteManager.h">
      <Filter>Common</Filter>
    </ClInclude>
    <ClInclude Include="Common\DateCalculator.h">
      <Filter>Common</Filter>
    </ClInclude>
    <ClInclude Include="Common\DelegateCommand.h">
      <Filter>Common</Filter>
    </ClInclude>
    <ClInclude Include="Common\DisplayExpressionToken.h">
      <Filter>Common</Filter>
    </ClInclude>
    <ClInclude Include="Common\EngineResourceProvider.h">
      <Filter>Common</Filter>
    </ClInclude>
    <ClInclude Include="Common\ExpressionCommandDeserializer.h">
      <Filter>Common</Filter>
    </ClInclude>
    <ClInclude Include="Common\ExpressionCommandSerializer.h">
      <Filter>Common</Filter>
    </ClInclude>
    <ClInclude Include="Common\KeyboardShortcutManager.h">
      <Filter>Common</Filter>
    </ClInclude>
    <ClInclude Include="Common\LocalizationStringUtil.h">
      <Filter>Common</Filter>
    </ClInclude>
    <ClInclude Include="Common\LocalizationService.h">
      <Filter>Common</Filter>
    </ClInclude>
    <ClInclude Include="Common\LocalizationSettings.h">
      <Filter>Common</Filter>
    </ClInclude>
    <ClInclude Include="Common\NavCategory.h">
      <Filter>Common</Filter>
    </ClInclude>
    <ClInclude Include="Common\MyVirtualKey.h">
      <Filter>Common</Filter>
    </ClInclude>
    <ClInclude Include="Common\NetworkManager.h">
      <Filter>Common</Filter>
    </ClInclude>
    <ClInclude Include="Common\TraceActivity.h">
      <Filter>Common</Filter>
    </ClInclude>
    <ClInclude Include="Common\TraceLogger.h">
      <Filter>Common</Filter>
    </ClInclude>
    <ClInclude Include="Common\Utils.h">
      <Filter>Common</Filter>
    </ClInclude>
    <ClInclude Include="Common\ValidatingConverters.h">
      <Filter>Common</Filter>
    </ClInclude>
    <ClInclude Include="Common\CalculatorButtonUser.h">
      <Filter>Common</Filter>
    </ClInclude>
    <ClInclude Include="Common\Automation\NarratorAnnouncement.h">
      <Filter>Common%255cAutomation</Filter>
    </ClInclude>
    <ClInclude Include="Common\Automation\NarratorAnnouncementHostFactory.h">
      <Filter>Common%255cAutomation</Filter>
    </ClInclude>
    <ClInclude Include="Common\Automation\NarratorNotifier.h">
      <Filter>Common%255cAutomation</Filter>
    </ClInclude>
    <ClInclude Include="Common\Automation\NotificationHost.h">
      <Filter>Common%255cAutomation</Filter>
    </ClInclude>
    <ClInclude Include="Common\Automation\INarratorAnnouncementHost.h">
      <Filter>Common%255cAutomation</Filter>
    </ClInclude>
    <ClInclude Include="Common\Automation\LiveRegionHost.h">
      <Filter>Common%255cAutomation</Filter>
    </ClInclude>
    <ClInclude Include="DataLoaders\ICurrencyHttpClient.h">
      <Filter>DataLoaders</Filter>
    </ClInclude>
    <ClInclude Include="DataLoaders\UnitConverterDataConstants.h">
      <Filter>DataLoaders</Filter>
    </ClInclude>
    <ClInclude Include="DataLoaders\UnitConverterDataLoader.h">
      <Filter>DataLoaders</Filter>
    </ClInclude>
    <ClInclude Include="DataLoaders\DataLoaderMockConstants.h">
      <Filter>DataLoaders</Filter>
    </ClInclude>
    <ClInclude Include="DataLoaders\CurrencyHttpClient.h">
      <Filter>DataLoaders</Filter>
    </ClInclude>
    <ClInclude Include="GraphingCalculator\GraphingCalculatorViewModel.h">
      <Filter>GraphingCalculator</Filter>
    </ClInclude>
    <ClInclude Include="GraphingCalculator\EquationViewModel.h">
      <Filter>GraphingCalculator</Filter>
    </ClInclude>
    <ClInclude Include="DataLoaders\CurrencyDataLoader.h">
      <Filter>DataLoaders</Filter>
    </ClInclude>
  </ItemGroup>
  <ItemGroup>
    <None Include="packages.config" />
    <None Include="DataLoaders\DefaultFromToCurrency.json">
      <Filter>DataLoaders</Filter>
    </None>
  </ItemGroup>
  <ItemGroup>
    <Filter Include="Common%255cAutomation">
      <UniqueIdentifier>{98717b14-c8c7-4fb6-9861-abb9124b34f0}</UniqueIdentifier>
    </Filter>
    <Filter Include="GraphingCalculator">
      <UniqueIdentifier>{07311281-a1fd-4dd9-baef-007f159e33ed}</UniqueIdentifier>
    </Filter>
    <Filter Include="Common">
      <UniqueIdentifier>{14ddcbc1-10a4-4940-ad53-3a751b9ebea0}</UniqueIdentifier>
    </Filter>
    <Filter Include="DataLoaders">
      <UniqueIdentifier>{b017a5e6-6d25-4799-a517-99f88d65b82f}</UniqueIdentifier>
    </Filter>
  </ItemGroup>
</Project>