<?xml version="1.0" encoding="utf-8"?>
<Project ToolsVersion="4.0" xmlns="http://schemas.microsoft.com/developer/msbuild/2003">
  <ItemGroup>
    <ClCompile Include="ApplicationViewModel.cpp" />
    <ClCompile Include="Common\AppResourceProvider.cpp" />
    <ClCompile Include="Common\Automation\LiveRegionHost.cpp" />
    <ClCompile Include="Common\Automation\NarratorAnnouncement.cpp" />
    <ClCompile Include="Common\Automation\NarratorAnnouncementHostFactory.cpp" />
    <ClCompile Include="Common\Automation\NarratorNotifier.cpp" />
    <ClCompile Include="Common\Automation\NotificationHost.cpp" />
    <ClCompile Include="Common\BindableBase.cpp" />
    <ClCompile Include="Common\CalculatorButtonPressedEventArgs.cpp" />
    <ClCompile Include="Common\CalculatorDisplay.cpp" />
    <ClCompile Include="Common\ConversionResultTaskHelper.cpp" />
    <ClCompile Include="Common\CopyPasteManager.cpp" />
    <ClCompile Include="Common\DateCalculator.cpp" />
    <ClCompile Include="Common\EngineResourceProvider.cpp" />
    <ClCompile Include="Common\ExpressionCommandDeserializer.cpp" />
    <ClCompile Include="Common\ExpressionCommandSerializer.cpp" />
    <ClCompile Include="Common\KeyboardShortcutManager.cpp" />
    <ClCompile Include="Common\LocalizationService.cpp" />
    <ClCompile Include="Common\NavCategory.cpp" />
    <ClCompile Include="Common\NetworkManager.cpp" />
    <ClCompile Include="Common\TraceLogger.cpp" />
    <ClCompile Include="Common\Utils.cpp" />
    <ClCompile Include="DataLoaders\CurrencyDataLoader.cpp" />
    <ClCompile Include="DataLoaders\CurrencyHttpClient.cpp" />
    <ClCompile Include="DataLoaders\UnitConverterDataLoader.cpp" />
    <ClCompile Include="DateCalculatorViewModel.cpp" />
    <ClCompile Include="GraphingCalculator\EquationViewModel.cpp" />
    <ClCompile Include="GraphingCalculator\GraphingCalculatorViewModel.cpp" />
    <ClCompile Include="HistoryItemViewModel.cpp" />
    <ClCompile Include="HistoryViewModel.cpp" />
    <ClCompile Include="MemoryItemViewModel.cpp" />
    <ClCompile Include="pch.cpp" />
    <ClCompile Include="StandardCalculatorViewModel.cpp" />
    <ClCompile Include="UnitConverterViewModel.cpp" />
    <ClCompile Include="ViewState.cpp" />
  </ItemGroup>
  <ItemGroup>
    <ClInclude Include="ApplicationViewModel.h" />
    <ClInclude Include="Common\AlwaysSelectedCollectionView.h" />
    <ClInclude Include="Common\AppResourceProvider.h" />
    <ClInclude Include="Common\Automation\INarratorAnnouncementHost.h" />
    <ClInclude Include="Common\Automation\LiveRegionHost.h" />
    <ClInclude Include="Common\Automation\NarratorAnnouncement.h" />
    <ClInclude Include="Common\Automation\NarratorAnnouncementHostFactory.h" />
    <ClInclude Include="Common\Automation\NarratorNotifier.h" />
    <ClInclude Include="Common\Automation\NotificationHost.h" />
    <ClInclude Include="Common\BindableBase.h" />
    <ClInclude Include="Common\CalculatorButtonPressedEventArgs.h" />
    <ClInclude Include="Common\CalculatorButtonUser.h" />
    <ClInclude Include="Common\CalculatorDisplay.h" />
    <ClInclude Include="Common\ConversionResultTaskHelper.h" />
    <ClInclude Include="Common\CopyPasteManager.h" />
    <ClInclude Include="Common\DateCalculator.h" />
    <ClInclude Include="Common\DelegateCommand.h" />
    <ClInclude Include="Common\DisplayExpressionToken.h" />
    <ClInclude Include="Common\EngineResourceProvider.h" />
    <ClInclude Include="Common\ExpressionCommandDeserializer.h" />
    <ClInclude Include="Common\ExpressionCommandSerializer.h" />
    <ClInclude Include="Common\KeyboardShortcutManager.h" />
    <ClInclude Include="Common\LocalizationService.h" />
    <ClInclude Include="Common\LocalizationSettings.h" />
    <ClInclude Include="Common\LocalizationStringUtil.h" />
    <ClInclude Include="Common\MyVirtualKey.h" />
    <ClInclude Include="Common\NavCategory.h" />
    <ClInclude Include="Common\NetworkManager.h" />
    <ClInclude Include="Common\TraceActivity.h" />
    <ClInclude Include="Common\TraceLogger.h" />
    <ClInclude Include="Common\Utils.h" />
    <ClInclude Include="Common\ValidatingConverters.h" />
    <ClInclude Include="DataLoaders\CurrencyDataLoader.h" />
    <ClInclude Include="DataLoaders\CurrencyHttpClient.h" />
    <ClInclude Include="DataLoaders\ICurrencyHttpClient.h" />
    <ClInclude Include="DataLoaders\UnitConverterDataConstants.h" />
    <ClInclude Include="DataLoaders\UnitConverterDataLoader.h" />
    <ClInclude Include="DateCalculatorViewModel.h" />
    <ClInclude Include="GraphingCalculator\EquationViewModel.h" />
    <ClInclude Include="GraphingCalculator\GraphingCalculatorViewModel.h" />
    <ClInclude Include="HistoryItemViewModel.h" />
    <ClInclude Include="HistoryViewModel.h" />
    <ClInclude Include="MemoryItemViewModel.h" />
    <ClInclude Include="pch.h" />
    <ClInclude Include="StandardCalculatorViewModel.h" />
    <ClInclude Include="targetver.h" />
    <ClInclude Include="UnitConverterViewModel.h" />
    <ClInclude Include="ViewState.h" />
    <ClInclude Include="DataLoaders\DataLoaderMockConstants.h" />
  </ItemGroup>
  <ItemGroup>
    <None Include="DataLoaders\DefaultFromToCurrency.json" />
    <None Include="packages.config" />
  </ItemGroup>
</Project>