Microsoft Visual Studio Solution File, Format Version 12.00
# Visual Studio 15
VisualStudioVersion = 15.0.27130.2036
MinimumVisualStudioVersion = 10.0.40219.1
Project("{FAE04EC0-301F-11D3-BF4B-00C04F79EFBC}") = "Calculator.UIAutomationLibrary", "Calculator.UIAutomationLibrary\Calculator.UIAutomationLibrary.csproj", "{A43517B5-8BE3-4312-913F-004978C34444}"
EndProject
Project("{FAE04EC0-301F-11D3-BF4B-00C04F79EFBC}") = "Calculator.UITests", "Calculator.UITests\Calculator.UITests.csproj", "{0224A709-0C48-4C4F-BA17-843A49842C15}"
EndProject
Project("{2150E333-8FDC-42A3-9474-1A3956D46DE8}") = "Solution Items", "Solution Items", "{E73C8A6E-BB94-4258-ACED-7C837A6A587B}"
	ProjectSection(SolutionItems) = preProject
		nuget.config = nuget.config
	EndProjectSection
EndProject
Project("{FAE04EC0-301F-11D3-BF4B-00C04F79EFBC}") = "Calculator.TestPackage", "Calculator.TestPackage\Calculator.TestPackage.csproj", "{24767C43-CD5A-4DC9-8D6B-429F255524E5}"
EndProject
Global
	GlobalSection(SolutionConfigurationPlatforms) = preSolution
		Debug|ARM = Debug|ARM
		Debug|ARM64 = Debug|ARM64
		Debug|x64 = Debug|x64
		Debug|x86 = Debug|x86
		Release|ARM = Release|ARM
		Release|ARM64 = Release|ARM64
		Release|x64 = Release|x64
		Release|x86 = Release|x86
	EndGlobalSection
	GlobalSection(ProjectConfigurationPlatforms) = postSolution
		{A43517B5-8BE3-4312-913F-004978C34444}.Debug|ARM.ActiveCfg = Debug|Any CPU
		{A43517B5-8BE3-4312-913F-004978C34444}.Debug|ARM.Build.0 = Debug|Any CPU
		{A43517B5-8BE3-4312-913F-004978C34444}.Debug|ARM64.ActiveCfg = Debug|Any CPU
		{A43517B5-8BE3-4312-913F-004978C34444}.Debug|x64.ActiveCfg = Debug|Any CPU
		{A43517B5-8BE3-4312-913F-004978C34444}.Debug|x64.Build.0 = Debug|Any CPU
		{A43517B5-8BE3-4312-913F-004978C34444}.Debug|x86.ActiveCfg = Debug|Any CPU
		{A43517B5-8BE3-4312-913F-004978C34444}.Debug|x86.Build.0 = Debug|Any CPU
		{A43517B5-8BE3-4312-913F-004978C34444}.Release|ARM.ActiveCfg = Release|Any CPU
		{A43517B5-8BE3-4312-913F-004978C34444}.Release|ARM.Build.0 = Release|Any CPU
		{A43517B5-8BE3-4312-913F-004978C34444}.Release|ARM64.ActiveCfg = Release|Any CPU
		{A43517B5-8BE3-4312-913F-004978C34444}.Release|x64.ActiveCfg = Release|Any CPU
		{A43517B5-8BE3-4312-913F-004978C34444}.Release|x64.Build.0 = Release|Any CPU
		{A43517B5-8BE3-4312-913F-004978C34444}.Release|x86.ActiveCfg = Release|Any CPU
		{A43517B5-8BE3-4312-913F-004978C34444}.Release|x86.Build.0 = Release|Any CPU
		{0224A709-0C48-4C4F-BA17-843A49842C15}.Debug|ARM.ActiveCfg = Debug|ARM
		{0224A709-0C48-4C4F-BA17-843A49842C15}.Debug|ARM.Build.0 = Debug|ARM
		{0224A709-0C48-4C4F-BA17-843A49842C15}.Debug|ARM64.ActiveCfg = Debug|ARM64
		{0224A709-0C48-4C4F-BA17-843A49842C15}.Debug|x64.ActiveCfg = Debug|x64
		{0224A709-0C48-4C4F-BA17-843A49842C15}.Debug|x64.Build.0 = Debug|x64
		{0224A709-0C48-4C4F-BA17-843A49842C15}.Debug|x86.ActiveCfg = Debug|x86
		{0224A709-0C48-4C4F-BA17-843A49842C15}.Debug|x86.Build.0 = Debug|x86
		{0224A709-0C48-4C4F-BA17-843A49842C15}.Release|ARM.ActiveCfg = Release|ARM
		{0224A709-0C48-4C4F-BA17-843A49842C15}.Release|ARM.Build.0 = Release|ARM
		{0224A709-0C48-4C4F-BA17-843A49842C15}.Release|ARM64.ActiveCfg = Release|ARM64
		{0224A709-0C48-4C4F-BA17-843A49842C15}.Release|x64.ActiveCfg = Release|x64
		{0224A709-0C48-4C4F-BA17-843A49842C15}.Release|x64.Build.0 = Release|x64
		{0224A709-0C48-4C4F-BA17-843A49842C15}.Release|x86.ActiveCfg = Release|x86
		{0224A709-0C48-4C4F-BA17-843A49842C15}.Release|x86.Build.0 = Release|x86
		{24767C43-CD5A-4DC9-8D6B-429F255524E5}.Debug|ARM.ActiveCfg = Debug|ARM
		{24767C43-CD5A-4DC9-8D6B-429F255524E5}.Debug|ARM.Build.0 = Debug|ARM
		{24767C43-CD5A-4DC9-8D6B-429F255524E5}.Debug|ARM64.ActiveCfg = Debug|ARM64
		{24767C43-CD5A-4DC9-8D6B-429F255524E5}.Debug|x64.ActiveCfg = Debug|x64
		{24767C43-CD5A-4DC9-8D6B-429F255524E5}.Debug|x64.Build.0 = Debug|x64
		{24767C43-CD5A-4DC9-8D6B-429F255524E5}.Debug|x86.ActiveCfg = Debug|x86
		{24767C43-CD5A-4DC9-8D6B-429F255524E5}.Debug|x86.Build.0 = Debug|x86
		{24767C43-CD5A-4DC9-8D6B-429F255524E5}.Release|ARM.ActiveCfg = Release|ARM
		{24767C43-CD5A-4DC9-8D6B-429F255524E5}.Release|ARM.Build.0 = Release|ARM
		{24767C43-CD5A-4DC9-8D6B-429F255524E5}.Release|ARM64.ActiveCfg = Release|ARM64
		{24767C43-CD5A-4DC9-8D6B-429F255524E5}.Release|x64.ActiveCfg = Release|x64
		{24767C43-CD5A-4DC9-8D6B-429F255524E5}.Release|x64.Build.0 = Release|x64
		{24767C43-CD5A-4DC9-8D6B-429F255524E5}.Release|x86.ActiveCfg = Release|x86
		{24767C43-CD5A-4DC9-8D6B-429F255524E5}.Release|x86.Build.0 = Release|x86
	EndGlobalSection
	GlobalSection(SolutionProperties) = preSolution
		HideSolutionNode = FALSE
	EndGlobalSection
	GlobalSection(ExtensibilityGlobals) = postSolution
		SolutionGuid = {97D9888A-CF9F-4147-8CCE-71093C057452}
	EndGlobalSection
EndGlobal
