
Microsoft Visual Studio Solution File, Format Version 12.00
# Visual Studio Version 18
VisualStudioVersion = 18.0.0.0
MinimumVisualStudioVersion = 18.0.0.0
Project("{2150E333-8FDC-42A3-9474-1A3956D46DE8}") = "Solution Items", "Solution Items", "{3A5DF651-B8A1-45CA-9135-964A6FC7F5D1}"
	ProjectSection(SolutionItems) = preProject
		..\.clang-format = ..\.clang-format
		nuget.config = nuget.config
	EndProjectSection
EndProject
Project("{FAE04EC0-301F-11D3-BF4B-00C04F79EFBC}") = "Calculator", "Calculator\Calculator.csproj", "{3B773403-B0D6-4F9A-948E-512A7A5FB315}"
EndProject
Project("{8BC9CEB8-8B4A-11D0-8D11-00A0C91BC942}") = "CalcManager", "CalcManager\CalcManager.vcxproj", "{311E866D-8B93-4609-A691-265941FEE101}"
EndProject
Project("{8BC9CEB8-8B4A-11D0-8D11-00A0C91BC942}") = "CalcManager.Interop", "CalcManager.Interop\CalcManager.Interop.vcxproj", "{A2D3E6B4-88C1-4D6F-9A7E-2B4C5D6E7F80}"
EndProject
Project("{FAE04EC0-301F-11D3-BF4B-00C04F79EFBC}") = "Calculator.ViewModels", "Calculator.ViewModels\Calculator.ViewModels.csproj", "{E1E2E3E4-1234-5678-ABCD-555555555555}"
EndProject
Project("{9A19103F-16F7-4668-BE54-9A1E7A4F7556}") = "CalculatorUITests", "CalculatorUITests\CalculatorUITests.csproj", "{B2C5ADFF-D6B5-48C1-BB8C-571BFD583D7F}"
EndProject
Project("{9A19103F-16F7-4668-BE54-9A1E7A4F7556}") = "CalculatorUITestFramework", "CalculatorUITestFramework\CalculatorUITestFramework.csproj", "{96454213-94AF-457D-9DF9-B14F80E7770F}"
EndProject
Project("{8BC9CEB8-8B4A-11D0-8D11-00A0C91BC942}") = "GraphingImpl", "GraphingImpl\GraphingImpl.vcxproj", "{52E03A58-B378-4F50-8BFB-F659FB85E790}"
EndProject
Project("{8BC9CEB8-8B4A-11D0-8D11-00A0C91BC942}") = "GraphControl", "GraphControl\GraphControl.vcxproj", "{E727A92B-F149-492C-8117-C039A298719B}"
EndProject
Project("{FAE04EC0-301F-11D3-BF4B-00C04F79EFBC}") = "TraceLogging.Managed", "TraceLogging.Managed\TraceLogging.Managed.csproj", "{3E4B3AB2-A1E0-4B28-B191-7B423E00B5A1}"
EndProject
Project("{8BC9CEB8-8B4A-11D0-8D11-00A0C91BC942}") = "TraceLogging", "TraceLogging\TraceLogging.vcxproj", "{FC81FF41-02CD-4CD9-9BC5-45A1E39AC6ED}"
EndProject

Global
	GlobalSection(SolutionConfigurationPlatforms) = preSolution
		Debug|ARM64 = Debug|ARM64
		Debug|x64 = Debug|x64
		Debug|x86 = Debug|x86
		Release|ARM64 = Release|ARM64
		Release|x64 = Release|x64
		Release|x86 = Release|x86
	EndGlobalSection
	GlobalSection(ProjectConfigurationPlatforms) = postSolution
		{3B773403-B0D6-4F9A-948E-512A7A5FB315}.Debug|ARM64.ActiveCfg = Debug|ARM64
		{3B773403-B0D6-4F9A-948E-512A7A5FB315}.Debug|ARM64.Build.0 = Debug|ARM64
		{3B773403-B0D6-4F9A-948E-512A7A5FB315}.Debug|ARM64.Deploy.0 = Debug|ARM64
		{3B773403-B0D6-4F9A-948E-512A7A5FB315}.Debug|x64.ActiveCfg = Debug|x64
		{3B773403-B0D6-4F9A-948E-512A7A5FB315}.Debug|x64.Build.0 = Debug|x64
		{3B773403-B0D6-4F9A-948E-512A7A5FB315}.Debug|x64.Deploy.0 = Debug|x64
		{3B773403-B0D6-4F9A-948E-512A7A5FB315}.Debug|x86.ActiveCfg = Debug|x86
		{3B773403-B0D6-4F9A-948E-512A7A5FB315}.Debug|x86.Build.0 = Debug|x86
		{3B773403-B0D6-4F9A-948E-512A7A5FB315}.Debug|x86.Deploy.0 = Debug|x86
		{3B773403-B0D6-4F9A-948E-512A7A5FB315}.Release|ARM64.ActiveCfg = Release|ARM64
		{3B773403-B0D6-4F9A-948E-512A7A5FB315}.Release|ARM64.Build.0 = Release|ARM64
		{3B773403-B0D6-4F9A-948E-512A7A5FB315}.Release|ARM64.Deploy.0 = Release|ARM64
		{3B773403-B0D6-4F9A-948E-512A7A5FB315}.Release|x64.ActiveCfg = Release|x64
		{3B773403-B0D6-4F9A-948E-512A7A5FB315}.Release|x64.Build.0 = Release|x64
		{3B773403-B0D6-4F9A-948E-512A7A5FB315}.Release|x64.Deploy.0 = Release|x64
		{3B773403-B0D6-4F9A-948E-512A7A5FB315}.Release|x86.ActiveCfg = Release|x86
		{3B773403-B0D6-4F9A-948E-512A7A5FB315}.Release|x86.Build.0 = Release|x86
		{3B773403-B0D6-4F9A-948E-512A7A5FB315}.Release|x86.Deploy.0 = Release|x86
		{311E866D-8B93-4609-A691-265941FEE101}.Debug|ARM64.ActiveCfg = Debug|ARM64
		{311E866D-8B93-4609-A691-265941FEE101}.Debug|ARM64.Build.0 = Debug|ARM64
		{311E866D-8B93-4609-A691-265941FEE101}.Debug|x64.ActiveCfg = Debug|x64
		{311E866D-8B93-4609-A691-265941FEE101}.Debug|x64.Build.0 = Debug|x64
		{311E866D-8B93-4609-A691-265941FEE101}.Debug|x86.ActiveCfg = Debug|Win32
		{311E866D-8B93-4609-A691-265941FEE101}.Debug|x86.Build.0 = Debug|Win32
		{311E866D-8B93-4609-A691-265941FEE101}.Release|ARM64.ActiveCfg = Release|ARM64
		{311E866D-8B93-4609-A691-265941FEE101}.Release|ARM64.Build.0 = Release|ARM64
		{311E866D-8B93-4609-A691-265941FEE101}.Release|x64.ActiveCfg = Release|x64
		{311E866D-8B93-4609-A691-265941FEE101}.Release|x64.Build.0 = Release|x64
		{311E866D-8B93-4609-A691-265941FEE101}.Release|x86.ActiveCfg = Release|Win32
		{311E866D-8B93-4609-A691-265941FEE101}.Release|x86.Build.0 = Release|Win32
		{A2D3E6B4-88C1-4D6F-9A7E-2B4C5D6E7F80}.Debug|ARM64.ActiveCfg = Debug|ARM64
		{A2D3E6B4-88C1-4D6F-9A7E-2B4C5D6E7F80}.Debug|ARM64.Build.0 = Debug|ARM64
		{A2D3E6B4-88C1-4D6F-9A7E-2B4C5D6E7F80}.Debug|x64.ActiveCfg = Debug|x64
		{A2D3E6B4-88C1-4D6F-9A7E-2B4C5D6E7F80}.Debug|x64.Build.0 = Debug|x64
		{A2D3E6B4-88C1-4D6F-9A7E-2B4C5D6E7F80}.Debug|x86.ActiveCfg = Debug|Win32
		{A2D3E6B4-88C1-4D6F-9A7E-2B4C5D6E7F80}.Debug|x86.Build.0 = Debug|Win32
		{A2D3E6B4-88C1-4D6F-9A7E-2B4C5D6E7F80}.Release|ARM64.ActiveCfg = Release|ARM64
		{A2D3E6B4-88C1-4D6F-9A7E-2B4C5D6E7F80}.Release|ARM64.Build.0 = Release|ARM64
		{A2D3E6B4-88C1-4D6F-9A7E-2B4C5D6E7F80}.Release|x64.ActiveCfg = Release|x64
		{A2D3E6B4-88C1-4D6F-9A7E-2B4C5D6E7F80}.Release|x64.Build.0 = Release|x64
		{A2D3E6B4-88C1-4D6F-9A7E-2B4C5D6E7F80}.Release|x86.ActiveCfg = Release|Win32
		{A2D3E6B4-88C1-4D6F-9A7E-2B4C5D6E7F80}.Release|x86.Build.0 = Release|Win32
		{E1E2E3E4-1234-5678-ABCD-555555555555}.Debug|ARM64.ActiveCfg = Debug|ARM64
		{E1E2E3E4-1234-5678-ABCD-555555555555}.Debug|ARM64.Build.0 = Debug|ARM64
		{E1E2E3E4-1234-5678-ABCD-555555555555}.Debug|x64.ActiveCfg = Debug|x64
		{E1E2E3E4-1234-5678-ABCD-555555555555}.Debug|x64.Build.0 = Debug|x64
		{E1E2E3E4-1234-5678-ABCD-555555555555}.Debug|x86.ActiveCfg = Debug|x86
		{E1E2E3E4-1234-5678-ABCD-555555555555}.Debug|x86.Build.0 = Debug|x86
		{E1E2E3E4-1234-5678-ABCD-555555555555}.Release|ARM64.ActiveCfg = Release|ARM64
		{E1E2E3E4-1234-5678-ABCD-555555555555}.Release|ARM64.Build.0 = Release|ARM64
		{E1E2E3E4-1234-5678-ABCD-555555555555}.Release|x64.ActiveCfg = Release|x64
		{E1E2E3E4-1234-5678-ABCD-555555555555}.Release|x64.Build.0 = Release|x64
		{E1E2E3E4-1234-5678-ABCD-555555555555}.Release|x86.ActiveCfg = Release|x86
		{E1E2E3E4-1234-5678-ABCD-555555555555}.Release|x86.Build.0 = Release|x86
		{B2C5ADFF-D6B5-48C1-BB8C-571BFD583D7F}.Debug|ARM64.ActiveCfg = Debug|Any CPU
		{B2C5ADFF-D6B5-48C1-BB8C-571BFD583D7F}.Debug|x64.ActiveCfg = Debug|Any CPU
		{B2C5ADFF-D6B5-48C1-BB8C-571BFD583D7F}.Debug|x64.Build.0 = Debug|Any CPU
		{B2C5ADFF-D6B5-48C1-BB8C-571BFD583D7F}.Debug|x86.ActiveCfg = Debug|Any CPU
		{B2C5ADFF-D6B5-48C1-BB8C-571BFD583D7F}.Debug|x86.Build.0 = Debug|Any CPU
		{B2C5ADFF-D6B5-48C1-BB8C-571BFD583D7F}.Release|ARM64.ActiveCfg = Release|Any CPU
		{B2C5ADFF-D6B5-48C1-BB8C-571BFD583D7F}.Release|ARM64.Build.0 = Release|Any CPU
		{B2C5ADFF-D6B5-48C1-BB8C-571BFD583D7F}.Release|x64.ActiveCfg = Release|Any CPU
		{B2C5ADFF-D6B5-48C1-BB8C-571BFD583D7F}.Release|x64.Build.0 = Release|Any CPU
		{B2C5ADFF-D6B5-48C1-BB8C-571BFD583D7F}.Release|x86.ActiveCfg = Release|Any CPU
		{B2C5ADFF-D6B5-48C1-BB8C-571BFD583D7F}.Release|x86.Build.0 = Release|Any CPU
		{96454213-94AF-457D-9DF9-B14F80E7770F}.Debug|ARM64.ActiveCfg = Debug|Any CPU
		{96454213-94AF-457D-9DF9-B14F80E7770F}.Debug|ARM64.Build.0 = Debug|Any CPU
		{96454213-94AF-457D-9DF9-B14F80E7770F}.Debug|x64.ActiveCfg = Debug|Any CPU
		{96454213-94AF-457D-9DF9-B14F80E7770F}.Debug|x64.Build.0 = Debug|Any CPU
		{96454213-94AF-457D-9DF9-B14F80E7770F}.Debug|x86.ActiveCfg = Debug|Any CPU
		{96454213-94AF-457D-9DF9-B14F80E7770F}.Debug|x86.Build.0 = Debug|Any CPU
		{96454213-94AF-457D-9DF9-B14F80E7770F}.Release|ARM64.ActiveCfg = Release|Any CPU
		{96454213-94AF-457D-9DF9-B14F80E7770F}.Release|ARM64.Build.0 = Release|Any CPU
		{96454213-94AF-457D-9DF9-B14F80E7770F}.Release|x64.ActiveCfg = Release|Any CPU
		{96454213-94AF-457D-9DF9-B14F80E7770F}.Release|x64.Build.0 = Release|Any CPU
		{96454213-94AF-457D-9DF9-B14F80E7770F}.Release|x86.ActiveCfg = Release|Any CPU
		{96454213-94AF-457D-9DF9-B14F80E7770F}.Release|x86.Build.0 = Release|Any CPU
		{52E03A58-B378-4F50-8BFB-F659FB85E790}.Debug|ARM64.ActiveCfg = Debug|ARM64
		{52E03A58-B378-4F50-8BFB-F659FB85E790}.Debug|ARM64.Build.0 = Debug|ARM64
		{52E03A58-B378-4F50-8BFB-F659FB85E790}.Debug|x64.ActiveCfg = Debug|x64
		{52E03A58-B378-4F50-8BFB-F659FB85E790}.Debug|x64.Build.0 = Debug|x64
		{52E03A58-B378-4F50-8BFB-F659FB85E790}.Debug|x86.ActiveCfg = Debug|Win32
		{52E03A58-B378-4F50-8BFB-F659FB85E790}.Debug|x86.Build.0 = Debug|Win32
		{52E03A58-B378-4F50-8BFB-F659FB85E790}.Release|ARM64.ActiveCfg = Release|ARM64
		{52E03A58-B378-4F50-8BFB-F659FB85E790}.Release|ARM64.Build.0 = Release|ARM64
		{52E03A58-B378-4F50-8BFB-F659FB85E790}.Release|x64.ActiveCfg = Release|x64
		{52E03A58-B378-4F50-8BFB-F659FB85E790}.Release|x64.Build.0 = Release|x64
		{52E03A58-B378-4F50-8BFB-F659FB85E790}.Release|x86.ActiveCfg = Release|Win32
		{52E03A58-B378-4F50-8BFB-F659FB85E790}.Release|x86.Build.0 = Release|Win32
		{E727A92B-F149-492C-8117-C039A298719B}.Debug|ARM64.ActiveCfg = Debug|ARM64
		{E727A92B-F149-492C-8117-C039A298719B}.Debug|ARM64.Build.0 = Debug|ARM64
		{E727A92B-F149-492C-8117-C039A298719B}.Debug|x64.ActiveCfg = Debug|x64
		{E727A92B-F149-492C-8117-C039A298719B}.Debug|x64.Build.0 = Debug|x64
		{E727A92B-F149-492C-8117-C039A298719B}.Debug|x86.ActiveCfg = Debug|Win32
		{E727A92B-F149-492C-8117-C039A298719B}.Debug|x86.Build.0 = Debug|Win32
		{E727A92B-F149-492C-8117-C039A298719B}.Release|ARM64.ActiveCfg = Release|ARM64
		{E727A92B-F149-492C-8117-C039A298719B}.Release|ARM64.Build.0 = Release|ARM64
		{E727A92B-F149-492C-8117-C039A298719B}.Release|x64.ActiveCfg = Release|x64
		{E727A92B-F149-492C-8117-C039A298719B}.Release|x64.Build.0 = Release|x64
		{E727A92B-F149-492C-8117-C039A298719B}.Release|x86.ActiveCfg = Release|Win32
		{E727A92B-F149-492C-8117-C039A298719B}.Release|x86.Build.0 = Release|Win32
		{3E4B3AB2-A1E0-4B28-B191-7B423E00B5A1}.Debug|ARM64.ActiveCfg = Debug|ARM64
		{3E4B3AB2-A1E0-4B28-B191-7B423E00B5A1}.Debug|ARM64.Build.0 = Debug|ARM64
		{3E4B3AB2-A1E0-4B28-B191-7B423E00B5A1}.Debug|x64.ActiveCfg = Debug|x64
		{3E4B3AB2-A1E0-4B28-B191-7B423E00B5A1}.Debug|x64.Build.0 = Debug|x64
		{3E4B3AB2-A1E0-4B28-B191-7B423E00B5A1}.Debug|x86.ActiveCfg = Debug|x86
		{3E4B3AB2-A1E0-4B28-B191-7B423E00B5A1}.Debug|x86.Build.0 = Debug|x86
		{3E4B3AB2-A1E0-4B28-B191-7B423E00B5A1}.Release|ARM64.ActiveCfg = Release|ARM64
		{3E4B3AB2-A1E0-4B28-B191-7B423E00B5A1}.Release|ARM64.Build.0 = Release|ARM64
		{3E4B3AB2-A1E0-4B28-B191-7B423E00B5A1}.Release|x64.ActiveCfg = Release|x64
		{3E4B3AB2-A1E0-4B28-B191-7B423E00B5A1}.Release|x64.Build.0 = Release|x64
		{3E4B3AB2-A1E0-4B28-B191-7B423E00B5A1}.Release|x86.ActiveCfg = Release|x86
		{3E4B3AB2-A1E0-4B28-B191-7B423E00B5A1}.Release|x86.Build.0 = Release|x86
		{FC81FF41-02CD-4CD9-9BC5-45A1E39AC6ED}.Debug|ARM64.ActiveCfg = Debug|ARM64
		{FC81FF41-02CD-4CD9-9BC5-45A1E39AC6ED}.Debug|ARM64.Build.0 = Debug|ARM64
		{FC81FF41-02CD-4CD9-9BC5-45A1E39AC6ED}.Debug|x64.ActiveCfg = Debug|x64
		{FC81FF41-02CD-4CD9-9BC5-45A1E39AC6ED}.Debug|x64.Build.0 = Debug|x64
		{FC81FF41-02CD-4CD9-9BC5-45A1E39AC6ED}.Debug|x86.ActiveCfg = Debug|Win32
		{FC81FF41-02CD-4CD9-9BC5-45A1E39AC6ED}.Debug|x86.Build.0 = Debug|Win32
		{FC81FF41-02CD-4CD9-9BC5-45A1E39AC6ED}.Release|ARM64.ActiveCfg = Release|ARM64
		{FC81FF41-02CD-4CD9-9BC5-45A1E39AC6ED}.Release|ARM64.Build.0 = Release|ARM64
		{FC81FF41-02CD-4CD9-9BC5-45A1E39AC6ED}.Release|x64.ActiveCfg = Release|x64
		{FC81FF41-02CD-4CD9-9BC5-45A1E39AC6ED}.Release|x64.Build.0 = Release|x64
		{FC81FF41-02CD-4CD9-9BC5-45A1E39AC6ED}.Release|x86.ActiveCfg = Release|Win32
		{FC81FF41-02CD-4CD9-9BC5-45A1E39AC6ED}.Release|x86.Build.0 = Release|Win32

	EndGlobalSection
	GlobalSection(SolutionProperties) = preSolution
		HideSolutionNode = FALSE
	EndGlobalSection
	GlobalSection(ExtensibilityGlobals) = postSolution
		SolutionGuid = {0EA53F83-5FA6-46A1-A290-A3C6962D2CAC}
	EndGlobalSection
EndGlobal
